
Microsoft Visual Studio Solution File, Format Version 12.00
# Visual Studio 2012
Project("{8BC9CEB8-8B4A-11D0-8D11-00A0C91BC942}") = "SelfTest", "SelfTest\SelfTest.vcxproj", "{DCD73B97-0F44-4044-8BA4-95B59CCAB4BD}"
EndProject
Project("{8BC9CEB8-8B4A-11D0-8D11-00A0C91BC942}") = "TapDriver", "TapDriver\TapDriver.vcxproj", "{689210B1-467C-4850-BB7D-2E10D5B4A3DA}"
EndProject
Project("{8BC9CEB8-8B4A-11D0-8D11-00A0C91BC942}") = "TapDriver Package", "TapDriver Package\TapDriver Package.vcxproj", "{FDA1DD8D-1D56-4BC1-B402-FCC0B550D946}"
	ProjectSection(ProjectDependencies) = postProject
		{689210B1-467C-4850-BB7D-2E10D5B4A3DA} = {689210B1-467C-4850-BB7D-2E10D5B4A3DA}
	EndProjectSection
EndProject
Project("{8BC9CEB8-8B4A-11D0-8D11-00A0C91BC942}") = "ZeroTierOne", "ZeroTierOne\ZeroTierOne.vcxproj", "{B00A4957-5977-4AC1-9EF4-571DC27EADA2}"
EndProject
Project("{6141683F-8A12-4E36-9623-2EB02B2C2303}") = "ZeroTierOneInstaller", "ZeroTierOneInstaller\ZeroTierOneInstaller.isproj", "{C4424647-0581-47D1-918B-575BFF735CAA}"
EndProject
Project("{FAE04EC0-301F-11D3-BF4B-00C04F79EFBC}") = "ZeroTierOneService", "ZeroTierOneService\ZeroTierOneService.csproj", "{63D28112-9A56-42FA-9C3E-EF6C58AF09B3}"
EndProject
Global
	GlobalSection(SolutionConfigurationPlatforms) = preSolution
		CD_ROM|Any CPU = CD_ROM|Any CPU
		CD_ROM|Mixed Platforms = CD_ROM|Mixed Platforms
		CD_ROM|Win32 = CD_ROM|Win32
		CD_ROM|x64 = CD_ROM|x64
		Debug|Any CPU = Debug|Any CPU
		Debug|Mixed Platforms = Debug|Mixed Platforms
		Debug|Win32 = Debug|Win32
		Debug|x64 = Debug|x64
		DVD-5|Any CPU = DVD-5|Any CPU
		DVD-5|Mixed Platforms = DVD-5|Mixed Platforms
		DVD-5|Win32 = DVD-5|Win32
		DVD-5|x64 = DVD-5|x64
		Release|Any CPU = Release|Any CPU
		Release|Mixed Platforms = Release|Mixed Platforms
		Release|Win32 = Release|Win32
		Release|x64 = Release|x64
		SingleImage|Any CPU = SingleImage|Any CPU
		SingleImage|Mixed Platforms = SingleImage|Mixed Platforms
		SingleImage|Win32 = SingleImage|Win32
		SingleImage|x64 = SingleImage|x64
		Vista Debug|Any CPU = Vista Debug|Any CPU
		Vista Debug|Mixed Platforms = Vista Debug|Mixed Platforms
		Vista Debug|Win32 = Vista Debug|Win32
		Vista Debug|x64 = Vista Debug|x64
		Vista Release|Any CPU = Vista Release|Any CPU
		Vista Release|Mixed Platforms = Vista Release|Mixed Platforms
		Vista Release|Win32 = Vista Release|Win32
		Vista Release|x64 = Vista Release|x64
		Win7 Debug|Any CPU = Win7 Debug|Any CPU
		Win7 Debug|Mixed Platforms = Win7 Debug|Mixed Platforms
		Win7 Debug|Win32 = Win7 Debug|Win32
		Win7 Debug|x64 = Win7 Debug|x64
		Win7 Release|Any CPU = Win7 Release|Any CPU
		Win7 Release|Mixed Platforms = Win7 Release|Mixed Platforms
		Win7 Release|Win32 = Win7 Release|Win32
		Win7 Release|x64 = Win7 Release|x64
		Win8 Debug|Any CPU = Win8 Debug|Any CPU
		Win8 Debug|Mixed Platforms = Win8 Debug|Mixed Platforms
		Win8 Debug|Win32 = Win8 Debug|Win32
		Win8 Debug|x64 = Win8 Debug|x64
		Win8 Release|Any CPU = Win8 Release|Any CPU
		Win8 Release|Mixed Platforms = Win8 Release|Mixed Platforms
		Win8 Release|Win32 = Win8 Release|Win32
		Win8 Release|x64 = Win8 Release|x64
	EndGlobalSection
	GlobalSection(ProjectConfigurationPlatforms) = postSolution
		{DCD73B97-0F44-4044-8BA4-95B59CCAB4BD}.CD_ROM|Any CPU.ActiveCfg = Release|Win32
		{DCD73B97-0F44-4044-8BA4-95B59CCAB4BD}.CD_ROM|Mixed Platforms.ActiveCfg = Release|Win32
		{DCD73B97-0F44-4044-8BA4-95B59CCAB4BD}.CD_ROM|Mixed Platforms.Build.0 = Release|Win32
		{DCD73B97-0F44-4044-8BA4-95B59CCAB4BD}.CD_ROM|Mixed Platforms.Deploy.0 = Release|Win32
		{DCD73B97-0F44-4044-8BA4-95B59CCAB4BD}.CD_ROM|Win32.ActiveCfg = Release|Win32
		{DCD73B97-0F44-4044-8BA4-95B59CCAB4BD}.CD_ROM|Win32.Build.0 = Release|Win32
		{DCD73B97-0F44-4044-8BA4-95B59CCAB4BD}.CD_ROM|Win32.Deploy.0 = Release|Win32
		{DCD73B97-0F44-4044-8BA4-95B59CCAB4BD}.CD_ROM|x64.ActiveCfg = Debug|x64
		{DCD73B97-0F44-4044-8BA4-95B59CCAB4BD}.CD_ROM|x64.Build.0 = Debug|x64
		{DCD73B97-0F44-4044-8BA4-95B59CCAB4BD}.CD_ROM|x64.Deploy.0 = Debug|x64
		{DCD73B97-0F44-4044-8BA4-95B59CCAB4BD}.Debug|Any CPU.ActiveCfg = Debug|Win32
		{DCD73B97-0F44-4044-8BA4-95B59CCAB4BD}.Debug|Mixed Platforms.ActiveCfg = Debug|Win32
		{DCD73B97-0F44-4044-8BA4-95B59CCAB4BD}.Debug|Win32.ActiveCfg = Release|Win32
		{DCD73B97-0F44-4044-8BA4-95B59CCAB4BD}.Debug|Win32.Build.0 = Release|Win32
		{DCD73B97-0F44-4044-8BA4-95B59CCAB4BD}.Debug|x64.ActiveCfg = Debug|Win32
		{DCD73B97-0F44-4044-8BA4-95B59CCAB4BD}.DVD-5|Any CPU.ActiveCfg = Debug|Win32
		{DCD73B97-0F44-4044-8BA4-95B59CCAB4BD}.DVD-5|Mixed Platforms.ActiveCfg = Debug|Win32
		{DCD73B97-0F44-4044-8BA4-95B59CCAB4BD}.DVD-5|Mixed Platforms.Build.0 = Debug|Win32
		{DCD73B97-0F44-4044-8BA4-95B59CCAB4BD}.DVD-5|Mixed Platforms.Deploy.0 = Debug|Win32
		{DCD73B97-0F44-4044-8BA4-95B59CCAB4BD}.DVD-5|Win32.ActiveCfg = Debug|Win32
		{DCD73B97-0F44-4044-8BA4-95B59CCAB4BD}.DVD-5|Win32.Build.0 = Debug|Win32
		{DCD73B97-0F44-4044-8BA4-95B59CCAB4BD}.DVD-5|Win32.Deploy.0 = Debug|Win32
		{DCD73B97-0F44-4044-8BA4-95B59CCAB4BD}.DVD-5|x64.ActiveCfg = Debug|x64
		{DCD73B97-0F44-4044-8BA4-95B59CCAB4BD}.DVD-5|x64.Build.0 = Debug|x64
		{DCD73B97-0F44-4044-8BA4-95B59CCAB4BD}.DVD-5|x64.Deploy.0 = Debug|x64
		{DCD73B97-0F44-4044-8BA4-95B59CCAB4BD}.Release|Any CPU.ActiveCfg = Release|Win32
		{DCD73B97-0F44-4044-8BA4-95B59CCAB4BD}.Release|Mixed Platforms.ActiveCfg = Release|Win32
		{DCD73B97-0F44-4044-8BA4-95B59CCAB4BD}.Release|Win32.ActiveCfg = Release|Win32
		{DCD73B97-0F44-4044-8BA4-95B59CCAB4BD}.Release|Win32.Build.0 = Release|Win32
		{DCD73B97-0F44-4044-8BA4-95B59CCAB4BD}.Release|x64.ActiveCfg = Release|x64
		{DCD73B97-0F44-4044-8BA4-95B59CCAB4BD}.SingleImage|Any CPU.ActiveCfg = Release|Win32
		{DCD73B97-0F44-4044-8BA4-95B59CCAB4BD}.SingleImage|Mixed Platforms.ActiveCfg = Release|Win32
		{DCD73B97-0F44-4044-8BA4-95B59CCAB4BD}.SingleImage|Mixed Platforms.Build.0 = Release|Win32
		{DCD73B97-0F44-4044-8BA4-95B59CCAB4BD}.SingleImage|Mixed Platforms.Deploy.0 = Release|Win32
		{DCD73B97-0F44-4044-8BA4-95B59CCAB4BD}.SingleImage|Win32.ActiveCfg = Release|Win32
		{DCD73B97-0F44-4044-8BA4-95B59CCAB4BD}.SingleImage|Win32.Build.0 = Release|Win32
		{DCD73B97-0F44-4044-8BA4-95B59CCAB4BD}.SingleImage|Win32.Deploy.0 = Release|Win32
		{DCD73B97-0F44-4044-8BA4-95B59CCAB4BD}.SingleImage|x64.ActiveCfg = Debug|x64
		{DCD73B97-0F44-4044-8BA4-95B59CCAB4BD}.SingleImage|x64.Build.0 = Debug|x64
		{DCD73B97-0F44-4044-8BA4-95B59CCAB4BD}.SingleImage|x64.Deploy.0 = Debug|x64
		{DCD73B97-0F44-4044-8BA4-95B59CCAB4BD}.Vista Debug|Any CPU.ActiveCfg = Debug|Win32
		{DCD73B97-0F44-4044-8BA4-95B59CCAB4BD}.Vista Debug|Mixed Platforms.ActiveCfg = Debug|Win32
		{DCD73B97-0F44-4044-8BA4-95B59CCAB4BD}.Vista Debug|Win32.ActiveCfg = Debug|Win32
		{DCD73B97-0F44-4044-8BA4-95B59CCAB4BD}.Vista Debug|Win32.Build.0 = Debug|Win32
		{DCD73B97-0F44-4044-8BA4-95B59CCAB4BD}.Vista Debug|Win32.Deploy.0 = Debug|Win32
		{DCD73B97-0F44-4044-8BA4-95B59CCAB4BD}.Vista Debug|x64.ActiveCfg = Debug|Win32
		{DCD73B97-0F44-4044-8BA4-95B59CCAB4BD}.Vista Release|Any CPU.ActiveCfg = Release|Win32
		{DCD73B97-0F44-4044-8BA4-95B59CCAB4BD}.Vista Release|Mixed Platforms.ActiveCfg = Release|Win32
		{DCD73B97-0F44-4044-8BA4-95B59CCAB4BD}.Vista Release|Win32.ActiveCfg = Release|Win32
		{DCD73B97-0F44-4044-8BA4-95B59CCAB4BD}.Vista Release|Win32.Build.0 = Release|Win32
		{DCD73B97-0F44-4044-8BA4-95B59CCAB4BD}.Vista Release|Win32.Deploy.0 = Release|Win32
		{DCD73B97-0F44-4044-8BA4-95B59CCAB4BD}.Vista Release|x64.ActiveCfg = Release|Win32
		{DCD73B97-0F44-4044-8BA4-95B59CCAB4BD}.Win7 Debug|Any CPU.ActiveCfg = Debug|Win32
		{DCD73B97-0F44-4044-8BA4-95B59CCAB4BD}.Win7 Debug|Mixed Platforms.ActiveCfg = Debug|Win32
		{DCD73B97-0F44-4044-8BA4-95B59CCAB4BD}.Win7 Debug|Win32.ActiveCfg = Debug|Win32
		{DCD73B97-0F44-4044-8BA4-95B59CCAB4BD}.Win7 Debug|Win32.Build.0 = Debug|Win32
		{DCD73B97-0F44-4044-8BA4-95B59CCAB4BD}.Win7 Debug|Win32.Deploy.0 = Debug|Win32
		{DCD73B97-0F44-4044-8BA4-95B59CCAB4BD}.Win7 Debug|x64.ActiveCfg = Debug|Win32
		{DCD73B97-0F44-4044-8BA4-95B59CCAB4BD}.Win7 Release|Any CPU.ActiveCfg = Release|Win32
		{DCD73B97-0F44-4044-8BA4-95B59CCAB4BD}.Win7 Release|Mixed Platforms.ActiveCfg = Release|Win32
		{DCD73B97-0F44-4044-8BA4-95B59CCAB4BD}.Win7 Release|Win32.ActiveCfg = Release|Win32
		{DCD73B97-0F44-4044-8BA4-95B59CCAB4BD}.Win7 Release|Win32.Build.0 = Release|Win32
		{DCD73B97-0F44-4044-8BA4-95B59CCAB4BD}.Win7 Release|Win32.Deploy.0 = Release|Win32
		{DCD73B97-0F44-4044-8BA4-95B59CCAB4BD}.Win7 Release|x64.ActiveCfg = Release|Win32
		{DCD73B97-0F44-4044-8BA4-95B59CCAB4BD}.Win8 Debug|Any CPU.ActiveCfg = Debug|Win32
		{DCD73B97-0F44-4044-8BA4-95B59CCAB4BD}.Win8 Debug|Mixed Platforms.ActiveCfg = Debug|Win32
		{DCD73B97-0F44-4044-8BA4-95B59CCAB4BD}.Win8 Debug|Win32.ActiveCfg = Debug|Win32
		{DCD73B97-0F44-4044-8BA4-95B59CCAB4BD}.Win8 Debug|Win32.Build.0 = Debug|Win32
		{DCD73B97-0F44-4044-8BA4-95B59CCAB4BD}.Win8 Debug|Win32.Deploy.0 = Debug|Win32
		{DCD73B97-0F44-4044-8BA4-95B59CCAB4BD}.Win8 Debug|x64.ActiveCfg = Debug|Win32
		{DCD73B97-0F44-4044-8BA4-95B59CCAB4BD}.Win8 Release|Any CPU.ActiveCfg = Release|Win32
		{DCD73B97-0F44-4044-8BA4-95B59CCAB4BD}.Win8 Release|Mixed Platforms.ActiveCfg = Release|Win32
		{DCD73B97-0F44-4044-8BA4-95B59CCAB4BD}.Win8 Release|Win32.ActiveCfg = Release|Win32
		{DCD73B97-0F44-4044-8BA4-95B59CCAB4BD}.Win8 Release|Win32.Build.0 = Release|Win32
		{DCD73B97-0F44-4044-8BA4-95B59CCAB4BD}.Win8 Release|Win32.Deploy.0 = Release|Win32
		{DCD73B97-0F44-4044-8BA4-95B59CCAB4BD}.Win8 Release|x64.ActiveCfg = Release|Win32
		{689210B1-467C-4850-BB7D-2E10D5B4A3DA}.CD_ROM|Any CPU.ActiveCfg = Vista Release|Win32
		{689210B1-467C-4850-BB7D-2E10D5B4A3DA}.CD_ROM|Mixed Platforms.ActiveCfg = Vista Release|Win32
		{689210B1-467C-4850-BB7D-2E10D5B4A3DA}.CD_ROM|Mixed Platforms.Build.0 = Vista Release|Win32
		{689210B1-467C-4850-BB7D-2E10D5B4A3DA}.CD_ROM|Mixed Platforms.Deploy.0 = Vista Release|Win32
		{689210B1-467C-4850-BB7D-2E10D5B4A3DA}.CD_ROM|Win32.ActiveCfg = Vista Release|Win32
		{689210B1-467C-4850-BB7D-2E10D5B4A3DA}.CD_ROM|Win32.Build.0 = Vista Release|Win32
		{689210B1-467C-4850-BB7D-2E10D5B4A3DA}.CD_ROM|Win32.Deploy.0 = Vista Release|Win32
		{689210B1-467C-4850-BB7D-2E10D5B4A3DA}.CD_ROM|x64.ActiveCfg = Win8 Release|x64
		{689210B1-467C-4850-BB7D-2E10D5B4A3DA}.CD_ROM|x64.Build.0 = Win8 Release|x64
		{689210B1-467C-4850-BB7D-2E10D5B4A3DA}.CD_ROM|x64.Deploy.0 = Win8 Release|x64
		{689210B1-467C-4850-BB7D-2E10D5B4A3DA}.Debug|Any CPU.ActiveCfg = Win8 Debug|Win32
		{689210B1-467C-4850-BB7D-2E10D5B4A3DA}.Debug|Mixed Platforms.ActiveCfg = Win8 Debug|Win32
		{689210B1-467C-4850-BB7D-2E10D5B4A3DA}.Debug|Win32.ActiveCfg = Win7 Debug|Win32
		{689210B1-467C-4850-BB7D-2E10D5B4A3DA}.Debug|Win32.Build.0 = Win7 Debug|Win32
		{689210B1-467C-4850-BB7D-2E10D5B4A3DA}.Debug|Win32.Deploy.0 = Win7 Debug|Win32
		{689210B1-467C-4850-BB7D-2E10D5B4A3DA}.Debug|x64.ActiveCfg = Win7 Debug|x64
		{689210B1-467C-4850-BB7D-2E10D5B4A3DA}.Debug|x64.Build.0 = Win7 Debug|x64
		{689210B1-467C-4850-BB7D-2E10D5B4A3DA}.Debug|x64.Deploy.0 = Win7 Debug|x64
		{689210B1-467C-4850-BB7D-2E10D5B4A3DA}.DVD-5|Any CPU.ActiveCfg = Vista Release|Win32
		{689210B1-467C-4850-BB7D-2E10D5B4A3DA}.DVD-5|Mixed Platforms.ActiveCfg = Vista Release|Win32
		{689210B1-467C-4850-BB7D-2E10D5B4A3DA}.DVD-5|Mixed Platforms.Build.0 = Vista Release|Win32
		{689210B1-467C-4850-BB7D-2E10D5B4A3DA}.DVD-5|Mixed Platforms.Deploy.0 = Vista Release|Win32
		{689210B1-467C-4850-BB7D-2E10D5B4A3DA}.DVD-5|Win32.ActiveCfg = Vista Release|Win32
		{689210B1-467C-4850-BB7D-2E10D5B4A3DA}.DVD-5|Win32.Build.0 = Vista Release|Win32
		{689210B1-467C-4850-BB7D-2E10D5B4A3DA}.DVD-5|Win32.Deploy.0 = Vista Release|Win32
		{689210B1-467C-4850-BB7D-2E10D5B4A3DA}.DVD-5|x64.ActiveCfg = Win8 Release|x64
		{689210B1-467C-4850-BB7D-2E10D5B4A3DA}.DVD-5|x64.Build.0 = Win8 Release|x64
		{689210B1-467C-4850-BB7D-2E10D5B4A3DA}.DVD-5|x64.Deploy.0 = Win8 Release|x64
		{689210B1-467C-4850-BB7D-2E10D5B4A3DA}.Release|Any CPU.ActiveCfg = Win7 Release|Win32
		{689210B1-467C-4850-BB7D-2E10D5B4A3DA}.Release|Mixed Platforms.ActiveCfg = Win7 Release|Win32
		{689210B1-467C-4850-BB7D-2E10D5B4A3DA}.Release|Win32.ActiveCfg = Win8 Release|Win32
		{689210B1-467C-4850-BB7D-2E10D5B4A3DA}.Release|Win32.Build.0 = Win8 Release|Win32
		{689210B1-467C-4850-BB7D-2E10D5B4A3DA}.Release|Win32.Deploy.0 = Win8 Release|Win32
		{689210B1-467C-4850-BB7D-2E10D5B4A3DA}.Release|x64.ActiveCfg = Win7 Release|x64
		{689210B1-467C-4850-BB7D-2E10D5B4A3DA}.Release|x64.Build.0 = Win7 Release|x64
		{689210B1-467C-4850-BB7D-2E10D5B4A3DA}.Release|x64.Deploy.0 = Win7 Release|x64
		{689210B1-467C-4850-BB7D-2E10D5B4A3DA}.SingleImage|Any CPU.ActiveCfg = Vista Release|Win32
		{689210B1-467C-4850-BB7D-2E10D5B4A3DA}.SingleImage|Mixed Platforms.ActiveCfg = Vista Release|Win32
		{689210B1-467C-4850-BB7D-2E10D5B4A3DA}.SingleImage|Mixed Platforms.Build.0 = Vista Release|Win32
		{689210B1-467C-4850-BB7D-2E10D5B4A3DA}.SingleImage|Mixed Platforms.Deploy.0 = Vista Release|Win32
		{689210B1-467C-4850-BB7D-2E10D5B4A3DA}.SingleImage|Win32.ActiveCfg = Vista Release|Win32
		{689210B1-467C-4850-BB7D-2E10D5B4A3DA}.SingleImage|Win32.Build.0 = Vista Release|Win32
		{689210B1-467C-4850-BB7D-2E10D5B4A3DA}.SingleImage|Win32.Deploy.0 = Vista Release|Win32
		{689210B1-467C-4850-BB7D-2E10D5B4A3DA}.SingleImage|x64.ActiveCfg = Win8 Release|x64
		{689210B1-467C-4850-BB7D-2E10D5B4A3DA}.SingleImage|x64.Build.0 = Win8 Release|x64
		{689210B1-467C-4850-BB7D-2E10D5B4A3DA}.SingleImage|x64.Deploy.0 = Win8 Release|x64
		{689210B1-467C-4850-BB7D-2E10D5B4A3DA}.Vista Debug|Any CPU.ActiveCfg = Vista Debug|Win32
		{689210B1-467C-4850-BB7D-2E10D5B4A3DA}.Vista Debug|Mixed Platforms.ActiveCfg = Vista Debug|Win32
		{689210B1-467C-4850-BB7D-2E10D5B4A3DA}.Vista Debug|Win32.ActiveCfg = Vista Debug|Win32
		{689210B1-467C-4850-BB7D-2E10D5B4A3DA}.Vista Debug|Win32.Build.0 = Vista Debug|Win32
		{689210B1-467C-4850-BB7D-2E10D5B4A3DA}.Vista Debug|Win32.Deploy.0 = Vista Debug|Win32
		{689210B1-467C-4850-BB7D-2E10D5B4A3DA}.Vista Debug|x64.ActiveCfg = Vista Debug|x64
		{689210B1-467C-4850-BB7D-2E10D5B4A3DA}.Vista Debug|x64.Build.0 = Vista Debug|x64
		{689210B1-467C-4850-BB7D-2E10D5B4A3DA}.Vista Debug|x64.Deploy.0 = Vista Debug|x64
		{689210B1-467C-4850-BB7D-2E10D5B4A3DA}.Vista Release|Any CPU.ActiveCfg = Vista Release|Win32
		{689210B1-467C-4850-BB7D-2E10D5B4A3DA}.Vista Release|Mixed Platforms.ActiveCfg = Vista Release|Win32
		{689210B1-467C-4850-BB7D-2E10D5B4A3DA}.Vista Release|Win32.ActiveCfg = Vista Release|Win32
		{689210B1-467C-4850-BB7D-2E10D5B4A3DA}.Vista Release|Win32.Build.0 = Vista Release|Win32
		{689210B1-467C-4850-BB7D-2E10D5B4A3DA}.Vista Release|Win32.Deploy.0 = Vista Release|Win32
		{689210B1-467C-4850-BB7D-2E10D5B4A3DA}.Vista Release|x64.ActiveCfg = Vista Release|x64
		{689210B1-467C-4850-BB7D-2E10D5B4A3DA}.Vista Release|x64.Build.0 = Vista Release|x64
		{689210B1-467C-4850-BB7D-2E10D5B4A3DA}.Vista Release|x64.Deploy.0 = Vista Release|x64
		{689210B1-467C-4850-BB7D-2E10D5B4A3DA}.Win7 Debug|Any CPU.ActiveCfg = Win7 Debug|Win32
		{689210B1-467C-4850-BB7D-2E10D5B4A3DA}.Win7 Debug|Mixed Platforms.ActiveCfg = Win7 Debug|Win32
		{689210B1-467C-4850-BB7D-2E10D5B4A3DA}.Win7 Debug|Win32.ActiveCfg = Win7 Debug|Win32
		{689210B1-467C-4850-BB7D-2E10D5B4A3DA}.Win7 Debug|Win32.Build.0 = Win7 Debug|Win32
		{689210B1-467C-4850-BB7D-2E10D5B4A3DA}.Win7 Debug|Win32.Deploy.0 = Win7 Debug|Win32
		{689210B1-467C-4850-BB7D-2E10D5B4A3DA}.Win7 Debug|x64.ActiveCfg = Win7 Debug|x64
		{689210B1-467C-4850-BB7D-2E10D5B4A3DA}.Win7 Debug|x64.Build.0 = Win7 Debug|x64
		{689210B1-467C-4850-BB7D-2E10D5B4A3DA}.Win7 Debug|x64.Deploy.0 = Win7 Debug|x64
		{689210B1-467C-4850-BB7D-2E10D5B4A3DA}.Win7 Release|Any CPU.ActiveCfg = Win7 Release|Win32
		{689210B1-467C-4850-BB7D-2E10D5B4A3DA}.Win7 Release|Mixed Platforms.ActiveCfg = Win7 Release|Win32
		{689210B1-467C-4850-BB7D-2E10D5B4A3DA}.Win7 Release|Win32.ActiveCfg = Win7 Release|Win32
		{689210B1-467C-4850-BB7D-2E10D5B4A3DA}.Win7 Release|Win32.Build.0 = Win7 Release|Win32
		{689210B1-467C-4850-BB7D-2E10D5B4A3DA}.Win7 Release|Win32.Deploy.0 = Win7 Release|Win32
		{689210B1-467C-4850-BB7D-2E10D5B4A3DA}.Win7 Release|x64.ActiveCfg = Win7 Release|x64
		{689210B1-467C-4850-BB7D-2E10D5B4A3DA}.Win7 Release|x64.Build.0 = Win7 Release|x64
		{689210B1-467C-4850-BB7D-2E10D5B4A3DA}.Win7 Release|x64.Deploy.0 = Win7 Release|x64
		{689210B1-467C-4850-BB7D-2E10D5B4A3DA}.Win8 Debug|Any CPU.ActiveCfg = Win8 Debug|Win32
		{689210B1-467C-4850-BB7D-2E10D5B4A3DA}.Win8 Debug|Mixed Platforms.ActiveCfg = Win8 Debug|Win32
		{689210B1-467C-4850-BB7D-2E10D5B4A3DA}.Win8 Debug|Win32.ActiveCfg = Win8 Debug|Win32
		{689210B1-467C-4850-BB7D-2E10D5B4A3DA}.Win8 Debug|Win32.Build.0 = Win8 Debug|Win32
		{689210B1-467C-4850-BB7D-2E10D5B4A3DA}.Win8 Debug|Win32.Deploy.0 = Win8 Debug|Win32
		{689210B1-467C-4850-BB7D-2E10D5B4A3DA}.Win8 Debug|x64.ActiveCfg = Win8 Debug|x64
		{689210B1-467C-4850-BB7D-2E10D5B4A3DA}.Win8 Debug|x64.Build.0 = Win8 Debug|x64
		{689210B1-467C-4850-BB7D-2E10D5B4A3DA}.Win8 Debug|x64.Deploy.0 = Win8 Debug|x64
		{689210B1-467C-4850-BB7D-2E10D5B4A3DA}.Win8 Release|Any CPU.ActiveCfg = Win8 Release|Win32
		{689210B1-467C-4850-BB7D-2E10D5B4A3DA}.Win8 Release|Mixed Platforms.ActiveCfg = Win8 Release|Win32
		{689210B1-467C-4850-BB7D-2E10D5B4A3DA}.Win8 Release|Win32.ActiveCfg = Win8 Release|Win32
		{689210B1-467C-4850-BB7D-2E10D5B4A3DA}.Win8 Release|Win32.Build.0 = Win8 Release|Win32
		{689210B1-467C-4850-BB7D-2E10D5B4A3DA}.Win8 Release|Win32.Deploy.0 = Win8 Release|Win32
		{689210B1-467C-4850-BB7D-2E10D5B4A3DA}.Win8 Release|x64.ActiveCfg = Win8 Release|x64
		{689210B1-467C-4850-BB7D-2E10D5B4A3DA}.Win8 Release|x64.Build.0 = Win8 Release|x64
		{689210B1-467C-4850-BB7D-2E10D5B4A3DA}.Win8 Release|x64.Deploy.0 = Win8 Release|x64
		{FDA1DD8D-1D56-4BC1-B402-FCC0B550D946}.CD_ROM|Any CPU.ActiveCfg = Vista Release|Win32
		{FDA1DD8D-1D56-4BC1-B402-FCC0B550D946}.CD_ROM|Mixed Platforms.ActiveCfg = Vista Release|Win32
		{FDA1DD8D-1D56-4BC1-B402-FCC0B550D946}.CD_ROM|Mixed Platforms.Build.0 = Vista Release|Win32
		{FDA1DD8D-1D56-4BC1-B402-FCC0B550D946}.CD_ROM|Mixed Platforms.Deploy.0 = Vista Release|Win32
		{FDA1DD8D-1D56-4BC1-B402-FCC0B550D946}.CD_ROM|Win32.ActiveCfg = Vista Release|Win32
		{FDA1DD8D-1D56-4BC1-B402-FCC0B550D946}.CD_ROM|Win32.Build.0 = Vista Release|Win32
		{FDA1DD8D-1D56-4BC1-B402-FCC0B550D946}.CD_ROM|Win32.Deploy.0 = Vista Release|Win32
		{FDA1DD8D-1D56-4BC1-B402-FCC0B550D946}.CD_ROM|x64.ActiveCfg = Win8 Release|x64
		{FDA1DD8D-1D56-4BC1-B402-FCC0B550D946}.CD_ROM|x64.Build.0 = Win8 Release|x64
		{FDA1DD8D-1D56-4BC1-B402-FCC0B550D946}.CD_ROM|x64.Deploy.0 = Win8 Release|x64
		{FDA1DD8D-1D56-4BC1-B402-FCC0B550D946}.Debug|Any CPU.ActiveCfg = Win8 Debug|Win32
		{FDA1DD8D-1D56-4BC1-B402-FCC0B550D946}.Debug|Mixed Platforms.ActiveCfg = Win8 Debug|Win32
		{FDA1DD8D-1D56-4BC1-B402-FCC0B550D946}.Debug|Win32.ActiveCfg = Win7 Debug|Win32
		{FDA1DD8D-1D56-4BC1-B402-FCC0B550D946}.Debug|Win32.Build.0 = Win7 Debug|Win32
		{FDA1DD8D-1D56-4BC1-B402-FCC0B550D946}.Debug|Win32.Deploy.0 = Win7 Debug|Win32
		{FDA1DD8D-1D56-4BC1-B402-FCC0B550D946}.Debug|x64.ActiveCfg = Win7 Debug|x64
		{FDA1DD8D-1D56-4BC1-B402-FCC0B550D946}.Debug|x64.Build.0 = Win7 Debug|x64
		{FDA1DD8D-1D56-4BC1-B402-FCC0B550D946}.Debug|x64.Deploy.0 = Win7 Debug|x64
		{FDA1DD8D-1D56-4BC1-B402-FCC0B550D946}.DVD-5|Any CPU.ActiveCfg = Vista Release|Win32
		{FDA1DD8D-1D56-4BC1-B402-FCC0B550D946}.DVD-5|Mixed Platforms.ActiveCfg = Vista Release|Win32
		{FDA1DD8D-1D56-4BC1-B402-FCC0B550D946}.DVD-5|Mixed Platforms.Build.0 = Vista Release|Win32
		{FDA1DD8D-1D56-4BC1-B402-FCC0B550D946}.DVD-5|Mixed Platforms.Deploy.0 = Vista Release|Win32
		{FDA1DD8D-1D56-4BC1-B402-FCC0B550D946}.DVD-5|Win32.ActiveCfg = Vista Release|Win32
		{FDA1DD8D-1D56-4BC1-B402-FCC0B550D946}.DVD-5|Win32.Build.0 = Vista Release|Win32
		{FDA1DD8D-1D56-4BC1-B402-FCC0B550D946}.DVD-5|Win32.Deploy.0 = Vista Release|Win32
		{FDA1DD8D-1D56-4BC1-B402-FCC0B550D946}.DVD-5|x64.ActiveCfg = Win8 Release|x64
		{FDA1DD8D-1D56-4BC1-B402-FCC0B550D946}.DVD-5|x64.Build.0 = Win8 Release|x64
		{FDA1DD8D-1D56-4BC1-B402-FCC0B550D946}.DVD-5|x64.Deploy.0 = Win8 Release|x64
		{FDA1DD8D-1D56-4BC1-B402-FCC0B550D946}.Release|Any CPU.ActiveCfg = Win7 Release|Win32
		{FDA1DD8D-1D56-4BC1-B402-FCC0B550D946}.Release|Mixed Platforms.ActiveCfg = Win7 Release|Win32
		{FDA1DD8D-1D56-4BC1-B402-FCC0B550D946}.Release|Win32.ActiveCfg = Win8 Release|Win32
		{FDA1DD8D-1D56-4BC1-B402-FCC0B550D946}.Release|Win32.Build.0 = Win8 Release|Win32
		{FDA1DD8D-1D56-4BC1-B402-FCC0B550D946}.Release|Win32.Deploy.0 = Win8 Release|Win32
		{FDA1DD8D-1D56-4BC1-B402-FCC0B550D946}.Release|x64.ActiveCfg = Win7 Release|x64
		{FDA1DD8D-1D56-4BC1-B402-FCC0B550D946}.Release|x64.Build.0 = Win7 Release|x64
		{FDA1DD8D-1D56-4BC1-B402-FCC0B550D946}.Release|x64.Deploy.0 = Win7 Release|x64
		{FDA1DD8D-1D56-4BC1-B402-FCC0B550D946}.SingleImage|Any CPU.ActiveCfg = Vista Release|Win32
		{FDA1DD8D-1D56-4BC1-B402-FCC0B550D946}.SingleImage|Mixed Platforms.ActiveCfg = Vista Release|Win32
		{FDA1DD8D-1D56-4BC1-B402-FCC0B550D946}.SingleImage|Mixed Platforms.Build.0 = Vista Release|Win32
		{FDA1DD8D-1D56-4BC1-B402-FCC0B550D946}.SingleImage|Mixed Platforms.Deploy.0 = Vista Release|Win32
		{FDA1DD8D-1D56-4BC1-B402-FCC0B550D946}.SingleImage|Win32.ActiveCfg = Vista Release|Win32
		{FDA1DD8D-1D56-4BC1-B402-FCC0B550D946}.SingleImage|Win32.Build.0 = Vista Release|Win32
		{FDA1DD8D-1D56-4BC1-B402-FCC0B550D946}.SingleImage|Win32.Deploy.0 = Vista Release|Win32
		{FDA1DD8D-1D56-4BC1-B402-FCC0B550D946}.SingleImage|x64.ActiveCfg = Win8 Release|x64
		{FDA1DD8D-1D56-4BC1-B402-FCC0B550D946}.SingleImage|x64.Build.0 = Win8 Release|x64
		{FDA1DD8D-1D56-4BC1-B402-FCC0B550D946}.SingleImage|x64.Deploy.0 = Win8 Release|x64
		{FDA1DD8D-1D56-4BC1-B402-FCC0B550D946}.Vista Debug|Any CPU.ActiveCfg = Vista Debug|Win32
		{FDA1DD8D-1D56-4BC1-B402-FCC0B550D946}.Vista Debug|Mixed Platforms.ActiveCfg = Vista Debug|Win32
		{FDA1DD8D-1D56-4BC1-B402-FCC0B550D946}.Vista Debug|Win32.ActiveCfg = Vista Debug|Win32
		{FDA1DD8D-1D56-4BC1-B402-FCC0B550D946}.Vista Debug|Win32.Build.0 = Vista Debug|Win32
		{FDA1DD8D-1D56-4BC1-B402-FCC0B550D946}.Vista Debug|Win32.Deploy.0 = Vista Debug|Win32
		{FDA1DD8D-1D56-4BC1-B402-FCC0B550D946}.Vista Debug|x64.ActiveCfg = Vista Debug|x64
		{FDA1DD8D-1D56-4BC1-B402-FCC0B550D946}.Vista Debug|x64.Build.0 = Vista Debug|x64
		{FDA1DD8D-1D56-4BC1-B402-FCC0B550D946}.Vista Debug|x64.Deploy.0 = Vista Debug|x64
		{FDA1DD8D-1D56-4BC1-B402-FCC0B550D946}.Vista Release|Any CPU.ActiveCfg = Vista Release|Win32
		{FDA1DD8D-1D56-4BC1-B402-FCC0B550D946}.Vista Release|Mixed Platforms.ActiveCfg = Vista Release|Win32
		{FDA1DD8D-1D56-4BC1-B402-FCC0B550D946}.Vista Release|Win32.ActiveCfg = Vista Release|Win32
		{FDA1DD8D-1D56-4BC1-B402-FCC0B550D946}.Vista Release|Win32.Build.0 = Vista Release|Win32
		{FDA1DD8D-1D56-4BC1-B402-FCC0B550D946}.Vista Release|Win32.Deploy.0 = Vista Release|Win32
		{FDA1DD8D-1D56-4BC1-B402-FCC0B550D946}.Vista Release|x64.ActiveCfg = Vista Release|x64
		{FDA1DD8D-1D56-4BC1-B402-FCC0B550D946}.Vista Release|x64.Build.0 = Vista Release|x64
		{FDA1DD8D-1D56-4BC1-B402-FCC0B550D946}.Vista Release|x64.Deploy.0 = Vista Release|x64
		{FDA1DD8D-1D56-4BC1-B402-FCC0B550D946}.Win7 Debug|Any CPU.ActiveCfg = Win7 Debug|Win32
		{FDA1DD8D-1D56-4BC1-B402-FCC0B550D946}.Win7 Debug|Mixed Platforms.ActiveCfg = Win7 Debug|Win32
		{FDA1DD8D-1D56-4BC1-B402-FCC0B550D946}.Win7 Debug|Win32.ActiveCfg = Win7 Debug|Win32
		{FDA1DD8D-1D56-4BC1-B402-FCC0B550D946}.Win7 Debug|Win32.Build.0 = Win7 Debug|Win32
		{FDA1DD8D-1D56-4BC1-B402-FCC0B550D946}.Win7 Debug|Win32.Deploy.0 = Win7 Debug|Win32
		{FDA1DD8D-1D56-4BC1-B402-FCC0B550D946}.Win7 Debug|x64.ActiveCfg = Win7 Debug|x64
		{FDA1DD8D-1D56-4BC1-B402-FCC0B550D946}.Win7 Debug|x64.Build.0 = Win7 Debug|x64
		{FDA1DD8D-1D56-4BC1-B402-FCC0B550D946}.Win7 Debug|x64.Deploy.0 = Win7 Debug|x64
		{FDA1DD8D-1D56-4BC1-B402-FCC0B550D946}.Win7 Release|Any CPU.ActiveCfg = Win7 Release|Win32
		{FDA1DD8D-1D56-4BC1-B402-FCC0B550D946}.Win7 Release|Mixed Platforms.ActiveCfg = Win7 Release|Win32
		{FDA1DD8D-1D56-4BC1-B402-FCC0B550D946}.Win7 Release|Win32.ActiveCfg = Win7 Release|Win32
		{FDA1DD8D-1D56-4BC1-B402-FCC0B550D946}.Win7 Release|Win32.Build.0 = Win7 Release|Win32
		{FDA1DD8D-1D56-4BC1-B402-FCC0B550D946}.Win7 Release|Win32.Deploy.0 = Win7 Release|Win32
		{FDA1DD8D-1D56-4BC1-B402-FCC0B550D946}.Win7 Release|x64.ActiveCfg = Win7 Release|x64
		{FDA1DD8D-1D56-4BC1-B402-FCC0B550D946}.Win7 Release|x64.Build.0 = Win7 Release|x64
		{FDA1DD8D-1D56-4BC1-B402-FCC0B550D946}.Win7 Release|x64.Deploy.0 = Win7 Release|x64
		{FDA1DD8D-1D56-4BC1-B402-FCC0B550D946}.Win8 Debug|Any CPU.ActiveCfg = Win8 Debug|Win32
		{FDA1DD8D-1D56-4BC1-B402-FCC0B550D946}.Win8 Debug|Mixed Platforms.ActiveCfg = Win8 Debug|Win32
		{FDA1DD8D-1D56-4BC1-B402-FCC0B550D946}.Win8 Debug|Win32.ActiveCfg = Win8 Debug|Win32
		{FDA1DD8D-1D56-4BC1-B402-FCC0B550D946}.Win8 Debug|Win32.Build.0 = Win8 Debug|Win32
		{FDA1DD8D-1D56-4BC1-B402-FCC0B550D946}.Win8 Debug|Win32.Deploy.0 = Win8 Debug|Win32
		{FDA1DD8D-1D56-4BC1-B402-FCC0B550D946}.Win8 Debug|x64.ActiveCfg = Win8 Debug|x64
		{FDA1DD8D-1D56-4BC1-B402-FCC0B550D946}.Win8 Debug|x64.Build.0 = Win8 Debug|x64
		{FDA1DD8D-1D56-4BC1-B402-FCC0B550D946}.Win8 Debug|x64.Deploy.0 = Win8 Debug|x64
		{FDA1DD8D-1D56-4BC1-B402-FCC0B550D946}.Win8 Release|Any CPU.ActiveCfg = Win8 Release|Win32
		{FDA1DD8D-1D56-4BC1-B402-FCC0B550D946}.Win8 Release|Mixed Platforms.ActiveCfg = Win8 Release|Win32
		{FDA1DD8D-1D56-4BC1-B402-FCC0B550D946}.Win8 Release|Win32.ActiveCfg = Win8 Release|Win32
		{FDA1DD8D-1D56-4BC1-B402-FCC0B550D946}.Win8 Release|Win32.Build.0 = Win8 Release|Win32
		{FDA1DD8D-1D56-4BC1-B402-FCC0B550D946}.Win8 Release|Win32.Deploy.0 = Win8 Release|Win32
		{FDA1DD8D-1D56-4BC1-B402-FCC0B550D946}.Win8 Release|x64.ActiveCfg = Win8 Release|x64
		{FDA1DD8D-1D56-4BC1-B402-FCC0B550D946}.Win8 Release|x64.Build.0 = Win8 Release|x64
		{FDA1DD8D-1D56-4BC1-B402-FCC0B550D946}.Win8 Release|x64.Deploy.0 = Win8 Release|x64
		{B00A4957-5977-4AC1-9EF4-571DC27EADA2}.CD_ROM|Any CPU.ActiveCfg = Release|Win32
		{B00A4957-5977-4AC1-9EF4-571DC27EADA2}.CD_ROM|Mixed Platforms.ActiveCfg = Release|Win32
		{B00A4957-5977-4AC1-9EF4-571DC27EADA2}.CD_ROM|Mixed Platforms.Build.0 = Release|Win32
		{B00A4957-5977-4AC1-9EF4-571DC27EADA2}.CD_ROM|Mixed Platforms.Deploy.0 = Release|Win32
		{B00A4957-5977-4AC1-9EF4-571DC27EADA2}.CD_ROM|Win32.ActiveCfg = Release|Win32
		{B00A4957-5977-4AC1-9EF4-571DC27EADA2}.CD_ROM|Win32.Build.0 = Release|Win32
		{B00A4957-5977-4AC1-9EF4-571DC27EADA2}.CD_ROM|Win32.Deploy.0 = Release|Win32
		{B00A4957-5977-4AC1-9EF4-571DC27EADA2}.CD_ROM|x64.ActiveCfg = Release|x64
		{B00A4957-5977-4AC1-9EF4-571DC27EADA2}.CD_ROM|x64.Build.0 = Release|x64
		{B00A4957-5977-4AC1-9EF4-571DC27EADA2}.CD_ROM|x64.Deploy.0 = Release|x64
		{B00A4957-5977-4AC1-9EF4-571DC27EADA2}.Debug|Any CPU.ActiveCfg = Debug|Win32
		{B00A4957-5977-4AC1-9EF4-571DC27EADA2}.Debug|Mixed Platforms.ActiveCfg = Debug|Win32
		{B00A4957-5977-4AC1-9EF4-571DC27EADA2}.Debug|Mixed Platforms.Build.0 = Debug|Win32
		{B00A4957-5977-4AC1-9EF4-571DC27EADA2}.Debug|Mixed Platforms.Deploy.0 = Debug|Win32
		{B00A4957-5977-4AC1-9EF4-571DC27EADA2}.Debug|Win32.ActiveCfg = Debug|Win32
		{B00A4957-5977-4AC1-9EF4-571DC27EADA2}.Debug|Win32.Build.0 = Debug|Win32
		{B00A4957-5977-4AC1-9EF4-571DC27EADA2}.Debug|Win32.Deploy.0 = Debug|Win32
		{B00A4957-5977-4AC1-9EF4-571DC27EADA2}.Debug|x64.ActiveCfg = Debug|x64
		{B00A4957-5977-4AC1-9EF4-571DC27EADA2}.Debug|x64.Build.0 = Debug|x64
		{B00A4957-5977-4AC1-9EF4-571DC27EADA2}.DVD-5|Any CPU.ActiveCfg = Debug|Win32
		{B00A4957-5977-4AC1-9EF4-571DC27EADA2}.DVD-5|Mixed Platforms.ActiveCfg = Debug|Win32
		{B00A4957-5977-4AC1-9EF4-571DC27EADA2}.DVD-5|Mixed Platforms.Build.0 = Debug|Win32
		{B00A4957-5977-4AC1-9EF4-571DC27EADA2}.DVD-5|Mixed Platforms.Deploy.0 = Debug|Win32
		{B00A4957-5977-4AC1-9EF4-571DC27EADA2}.DVD-5|Win32.ActiveCfg = Debug|Win32
		{B00A4957-5977-4AC1-9EF4-571DC27EADA2}.DVD-5|Win32.Build.0 = Debug|Win32
		{B00A4957-5977-4AC1-9EF4-571DC27EADA2}.DVD-5|Win32.Deploy.0 = Debug|Win32
		{B00A4957-5977-4AC1-9EF4-571DC27EADA2}.DVD-5|x64.ActiveCfg = Debug|x64
		{B00A4957-5977-4AC1-9EF4-571DC27EADA2}.DVD-5|x64.Build.0 = Debug|x64
		{B00A4957-5977-4AC1-9EF4-571DC27EADA2}.DVD-5|x64.Deploy.0 = Debug|x64
		{B00A4957-5977-4AC1-9EF4-571DC27EADA2}.Release|Any CPU.ActiveCfg = Release|Win32
		{B00A4957-5977-4AC1-9EF4-571DC27EADA2}.Release|Mixed Platforms.ActiveCfg = Release|Win32
		{B00A4957-5977-4AC1-9EF4-571DC27EADA2}.Release|Mixed Platforms.Build.0 = Release|Win32
		{B00A4957-5977-4AC1-9EF4-571DC27EADA2}.Release|Mixed Platforms.Deploy.0 = Release|Win32
		{B00A4957-5977-4AC1-9EF4-571DC27EADA2}.Release|Win32.ActiveCfg = Release|Win32
		{B00A4957-5977-4AC1-9EF4-571DC27EADA2}.Release|Win32.Build.0 = Release|Win32
		{B00A4957-5977-4AC1-9EF4-571DC27EADA2}.Release|Win32.Deploy.0 = Release|Win32
		{B00A4957-5977-4AC1-9EF4-571DC27EADA2}.Release|x64.ActiveCfg = Release|x64
		{B00A4957-5977-4AC1-9EF4-571DC27EADA2}.SingleImage|Any CPU.ActiveCfg = Release|Win32
		{B00A4957-5977-4AC1-9EF4-571DC27EADA2}.SingleImage|Mixed Platforms.ActiveCfg = Release|Win32
		{B00A4957-5977-4AC1-9EF4-571DC27EADA2}.SingleImage|Mixed Platforms.Build.0 = Release|Win32
		{B00A4957-5977-4AC1-9EF4-571DC27EADA2}.SingleImage|Mixed Platforms.Deploy.0 = Release|Win32
		{B00A4957-5977-4AC1-9EF4-571DC27EADA2}.SingleImage|Win32.ActiveCfg = Release|Win32
		{B00A4957-5977-4AC1-9EF4-571DC27EADA2}.SingleImage|Win32.Build.0 = Release|Win32
		{B00A4957-5977-4AC1-9EF4-571DC27EADA2}.SingleImage|Win32.Deploy.0 = Release|Win32
		{B00A4957-5977-4AC1-9EF4-571DC27EADA2}.SingleImage|x64.ActiveCfg = Release|x64
		{B00A4957-5977-4AC1-9EF4-571DC27EADA2}.SingleImage|x64.Build.0 = Release|x64
		{B00A4957-5977-4AC1-9EF4-571DC27EADA2}.SingleImage|x64.Deploy.0 = Release|x64
		{B00A4957-5977-4AC1-9EF4-571DC27EADA2}.Vista Debug|Any CPU.ActiveCfg = Debug|Win32
		{B00A4957-5977-4AC1-9EF4-571DC27EADA2}.Vista Debug|Mixed Platforms.ActiveCfg = Debug|Win32
		{B00A4957-5977-4AC1-9EF4-571DC27EADA2}.Vista Debug|Mixed Platforms.Build.0 = Debug|Win32
		{B00A4957-5977-4AC1-9EF4-571DC27EADA2}.Vista Debug|Mixed Platforms.Deploy.0 = Debug|Win32
		{B00A4957-5977-4AC1-9EF4-571DC27EADA2}.Vista Debug|Win32.ActiveCfg = Debug|Win32
		{B00A4957-5977-4AC1-9EF4-571DC27EADA2}.Vista Debug|Win32.Build.0 = Debug|Win32
		{B00A4957-5977-4AC1-9EF4-571DC27EADA2}.Vista Debug|Win32.Deploy.0 = Debug|Win32
		{B00A4957-5977-4AC1-9EF4-571DC27EADA2}.Vista Debug|x64.ActiveCfg = Debug|Win32
		{B00A4957-5977-4AC1-9EF4-571DC27EADA2}.Vista Release|Any CPU.ActiveCfg = Release|Win32
		{B00A4957-5977-4AC1-9EF4-571DC27EADA2}.Vista Release|Mixed Platforms.ActiveCfg = Release|Win32
		{B00A4957-5977-4AC1-9EF4-571DC27EADA2}.Vista Release|Mixed Platforms.Build.0 = Release|Win32
		{B00A4957-5977-4AC1-9EF4-571DC27EADA2}.Vista Release|Mixed Platforms.Deploy.0 = Release|Win32
		{B00A4957-5977-4AC1-9EF4-571DC27EADA2}.Vista Release|Win32.ActiveCfg = Release|Win32
		{B00A4957-5977-4AC1-9EF4-571DC27EADA2}.Vista Release|Win32.Build.0 = Release|Win32
		{B00A4957-5977-4AC1-9EF4-571DC27EADA2}.Vista Release|Win32.Deploy.0 = Release|Win32
		{B00A4957-5977-4AC1-9EF4-571DC27EADA2}.Vista Release|x64.ActiveCfg = Release|Win32
		{B00A4957-5977-4AC1-9EF4-571DC27EADA2}.Win7 Debug|Any CPU.ActiveCfg = Debug|Win32
		{B00A4957-5977-4AC1-9EF4-571DC27EADA2}.Win7 Debug|Mixed Platforms.ActiveCfg = Debug|Win32
		{B00A4957-5977-4AC1-9EF4-571DC27EADA2}.Win7 Debug|Mixed Platforms.Build.0 = Debug|Win32
		{B00A4957-5977-4AC1-9EF4-571DC27EADA2}.Win7 Debug|Mixed Platforms.Deploy.0 = Debug|Win32
		{B00A4957-5977-4AC1-9EF4-571DC27EADA2}.Win7 Debug|Win32.ActiveCfg = Debug|Win32
		{B00A4957-5977-4AC1-9EF4-571DC27EADA2}.Win7 Debug|Win32.Build.0 = Debug|Win32
		{B00A4957-5977-4AC1-9EF4-571DC27EADA2}.Win7 Debug|Win32.Deploy.0 = Debug|Win32
		{B00A4957-5977-4AC1-9EF4-571DC27EADA2}.Win7 Debug|x64.ActiveCfg = Debug|Win32
		{B00A4957-5977-4AC1-9EF4-571DC27EADA2}.Win7 Release|Any CPU.ActiveCfg = Release|Win32
		{B00A4957-5977-4AC1-9EF4-571DC27EADA2}.Win7 Release|Mixed Platforms.ActiveCfg = Release|Win32
		{B00A4957-5977-4AC1-9EF4-571DC27EADA2}.Win7 Release|Mixed Platforms.Build.0 = Release|Win32
		{B00A4957-5977-4AC1-9EF4-571DC27EADA2}.Win7 Release|Mixed Platforms.Deploy.0 = Release|Win32
		{B00A4957-5977-4AC1-9EF4-571DC27EADA2}.Win7 Release|Win32.ActiveCfg = Release|Win32
		{B00A4957-5977-4AC1-9EF4-571DC27EADA2}.Win7 Release|Win32.Build.0 = Release|Win32
		{B00A4957-5977-4AC1-9EF4-571DC27EADA2}.Win7 Release|Win32.Deploy.0 = Release|Win32
		{B00A4957-5977-4AC1-9EF4-571DC27EADA2}.Win7 Release|x64.ActiveCfg = Release|Win32
		{B00A4957-5977-4AC1-9EF4-571DC27EADA2}.Win8 Debug|Any CPU.ActiveCfg = Debug|Win32
		{B00A4957-5977-4AC1-9EF4-571DC27EADA2}.Win8 Debug|Mixed Platforms.ActiveCfg = Debug|Win32
		{B00A4957-5977-4AC1-9EF4-571DC27EADA2}.Win8 Debug|Mixed Platforms.Build.0 = Debug|Win32
		{B00A4957-5977-4AC1-9EF4-571DC27EADA2}.Win8 Debug|Mixed Platforms.Deploy.0 = Debug|Win32
		{B00A4957-5977-4AC1-9EF4-571DC27EADA2}.Win8 Debug|Win32.ActiveCfg = Debug|Win32
		{B00A4957-5977-4AC1-9EF4-571DC27EADA2}.Win8 Debug|Win32.Build.0 = Debug|Win32
		{B00A4957-5977-4AC1-9EF4-571DC27EADA2}.Win8 Debug|Win32.Deploy.0 = Debug|Win32
		{B00A4957-5977-4AC1-9EF4-571DC27EADA2}.Win8 Debug|x64.ActiveCfg = Debug|Win32
		{B00A4957-5977-4AC1-9EF4-571DC27EADA2}.Win8 Release|Any CPU.ActiveCfg = Release|Win32
		{B00A4957-5977-4AC1-9EF4-571DC27EADA2}.Win8 Release|Mixed Platforms.ActiveCfg = Release|Win32
		{B00A4957-5977-4AC1-9EF4-571DC27EADA2}.Win8 Release|Mixed Platforms.Build.0 = Release|Win32
		{B00A4957-5977-4AC1-9EF4-571DC27EADA2}.Win8 Release|Mixed Platforms.Deploy.0 = Release|Win32
		{B00A4957-5977-4AC1-9EF4-571DC27EADA2}.Win8 Release|Win32.ActiveCfg = Release|Win32
		{B00A4957-5977-4AC1-9EF4-571DC27EADA2}.Win8 Release|Win32.Build.0 = Release|Win32
		{B00A4957-5977-4AC1-9EF4-571DC27EADA2}.Win8 Release|Win32.Deploy.0 = Release|Win32
		{B00A4957-5977-4AC1-9EF4-571DC27EADA2}.Win8 Release|x64.ActiveCfg = Release|Win32
		{C4424647-0581-47D1-918B-575BFF735CAA}.CD_ROM|Any CPU.ActiveCfg = CD_ROM
		{C4424647-0581-47D1-918B-575BFF735CAA}.CD_ROM|Any CPU.Build.0 = CD_ROM
		{C4424647-0581-47D1-918B-575BFF735CAA}.CD_ROM|Mixed Platforms.ActiveCfg = CD_ROM
		{C4424647-0581-47D1-918B-575BFF735CAA}.CD_ROM|Mixed Platforms.Build.0 = CD_ROM
		{C4424647-0581-47D1-918B-575BFF735CAA}.CD_ROM|Win32.ActiveCfg = CD_ROM
		{C4424647-0581-47D1-918B-575BFF735CAA}.CD_ROM|Win32.Build.0 = CD_ROM
		{C4424647-0581-47D1-918B-575BFF735CAA}.CD_ROM|x64.ActiveCfg = CD_ROM
		{C4424647-0581-47D1-918B-575BFF735CAA}.CD_ROM|x64.Build.0 = CD_ROM
		{C4424647-0581-47D1-918B-575BFF735CAA}.Debug|Any CPU.ActiveCfg = DVD-5
		{C4424647-0581-47D1-918B-575BFF735CAA}.Debug|Any CPU.Build.0 = DVD-5
		{C4424647-0581-47D1-918B-575BFF735CAA}.Debug|Mixed Platforms.ActiveCfg = DVD-5
		{C4424647-0581-47D1-918B-575BFF735CAA}.Debug|Mixed Platforms.Build.0 = DVD-5
		{C4424647-0581-47D1-918B-575BFF735CAA}.Debug|Win32.ActiveCfg = DVD-5
		{C4424647-0581-47D1-918B-575BFF735CAA}.Debug|Win32.Build.0 = DVD-5
		{C4424647-0581-47D1-918B-575BFF735CAA}.Debug|x64.ActiveCfg = DVD-5
		{C4424647-0581-47D1-918B-575BFF735CAA}.Debug|x64.Build.0 = DVD-5
		{C4424647-0581-47D1-918B-575BFF735CAA}.DVD-5|Any CPU.ActiveCfg = DVD-5
		{C4424647-0581-47D1-918B-575BFF735CAA}.DVD-5|Any CPU.Build.0 = DVD-5
		{C4424647-0581-47D1-918B-575BFF735CAA}.DVD-5|Mixed Platforms.ActiveCfg = DVD-5
		{C4424647-0581-47D1-918B-575BFF735CAA}.DVD-5|Mixed Platforms.Build.0 = DVD-5
		{C4424647-0581-47D1-918B-575BFF735CAA}.DVD-5|Win32.ActiveCfg = DVD-5
		{C4424647-0581-47D1-918B-575BFF735CAA}.DVD-5|Win32.Build.0 = DVD-5
		{C4424647-0581-47D1-918B-575BFF735CAA}.DVD-5|x64.ActiveCfg = DVD-5
		{C4424647-0581-47D1-918B-575BFF735CAA}.DVD-5|x64.Build.0 = DVD-5
		{C4424647-0581-47D1-918B-575BFF735CAA}.Release|Any CPU.ActiveCfg = SingleImage
		{C4424647-0581-47D1-918B-575BFF735CAA}.Release|Any CPU.Build.0 = SingleImage
		{C4424647-0581-47D1-918B-575BFF735CAA}.Release|Mixed Platforms.ActiveCfg = SingleImage
		{C4424647-0581-47D1-918B-575BFF735CAA}.Release|Mixed Platforms.Build.0 = SingleImage
		{C4424647-0581-47D1-918B-575BFF735CAA}.Release|Win32.ActiveCfg = SingleImage
		{C4424647-0581-47D1-918B-575BFF735CAA}.Release|Win32.Build.0 = SingleImage
		{C4424647-0581-47D1-918B-575BFF735CAA}.Release|x64.ActiveCfg = SingleImage
		{C4424647-0581-47D1-918B-575BFF735CAA}.Release|x64.Build.0 = SingleImage
		{C4424647-0581-47D1-918B-575BFF735CAA}.SingleImage|Any CPU.ActiveCfg = SingleImage
		{C4424647-0581-47D1-918B-575BFF735CAA}.SingleImage|Any CPU.Build.0 = SingleImage
		{C4424647-0581-47D1-918B-575BFF735CAA}.SingleImage|Mixed Platforms.ActiveCfg = SingleImage
		{C4424647-0581-47D1-918B-575BFF735CAA}.SingleImage|Mixed Platforms.Build.0 = SingleImage
		{C4424647-0581-47D1-918B-575BFF735CAA}.SingleImage|Win32.ActiveCfg = SingleImage
		{C4424647-0581-47D1-918B-575BFF735CAA}.SingleImage|Win32.Build.0 = SingleImage
		{C4424647-0581-47D1-918B-575BFF735CAA}.SingleImage|x64.ActiveCfg = SingleImage
		{C4424647-0581-47D1-918B-575BFF735CAA}.SingleImage|x64.Build.0 = SingleImage
		{C4424647-0581-47D1-918B-575BFF735CAA}.Vista Debug|Any CPU.ActiveCfg = SingleImage
		{C4424647-0581-47D1-918B-575BFF735CAA}.Vista Debug|Any CPU.Build.0 = SingleImage
		{C4424647-0581-47D1-918B-575BFF735CAA}.Vista Debug|Mixed Platforms.ActiveCfg = SingleImage
		{C4424647-0581-47D1-918B-575BFF735CAA}.Vista Debug|Mixed Platforms.Build.0 = SingleImage
		{C4424647-0581-47D1-918B-575BFF735CAA}.Vista Debug|Win32.ActiveCfg = SingleImage
		{C4424647-0581-47D1-918B-575BFF735CAA}.Vista Debug|Win32.Build.0 = SingleImage
		{C4424647-0581-47D1-918B-575BFF735CAA}.Vista Debug|x64.ActiveCfg = SingleImage
		{C4424647-0581-47D1-918B-575BFF735CAA}.Vista Debug|x64.Build.0 = SingleImage
		{C4424647-0581-47D1-918B-575BFF735CAA}.Vista Release|Any CPU.ActiveCfg = SingleImage
		{C4424647-0581-47D1-918B-575BFF735CAA}.Vista Release|Any CPU.Build.0 = SingleImage
		{C4424647-0581-47D1-918B-575BFF735CAA}.Vista Release|Mixed Platforms.ActiveCfg = SingleImage
		{C4424647-0581-47D1-918B-575BFF735CAA}.Vista Release|Mixed Platforms.Build.0 = SingleImage
		{C4424647-0581-47D1-918B-575BFF735CAA}.Vista Release|Win32.ActiveCfg = SingleImage
		{C4424647-0581-47D1-918B-575BFF735CAA}.Vista Release|Win32.Build.0 = SingleImage
		{C4424647-0581-47D1-918B-575BFF735CAA}.Vista Release|x64.ActiveCfg = SingleImage
		{C4424647-0581-47D1-918B-575BFF735CAA}.Vista Release|x64.Build.0 = SingleImage
		{C4424647-0581-47D1-918B-575BFF735CAA}.Win7 Debug|Any CPU.ActiveCfg = SingleImage
		{C4424647-0581-47D1-918B-575BFF735CAA}.Win7 Debug|Any CPU.Build.0 = SingleImage
		{C4424647-0581-47D1-918B-575BFF735CAA}.Win7 Debug|Mixed Platforms.ActiveCfg = SingleImage
		{C4424647-0581-47D1-918B-575BFF735CAA}.Win7 Debug|Mixed Platforms.Build.0 = SingleImage
		{C4424647-0581-47D1-918B-575BFF735CAA}.Win7 Debug|Win32.ActiveCfg = SingleImage
		{C4424647-0581-47D1-918B-575BFF735CAA}.Win7 Debug|Win32.Build.0 = SingleImage
		{C4424647-0581-47D1-918B-575BFF735CAA}.Win7 Debug|x64.ActiveCfg = SingleImage
		{C4424647-0581-47D1-918B-575BFF735CAA}.Win7 Debug|x64.Build.0 = SingleImage
		{C4424647-0581-47D1-918B-575BFF735CAA}.Win7 Release|Any CPU.ActiveCfg = SingleImage
		{C4424647-0581-47D1-918B-575BFF735CAA}.Win7 Release|Any CPU.Build.0 = SingleImage
		{C4424647-0581-47D1-918B-575BFF735CAA}.Win7 Release|Mixed Platforms.ActiveCfg = SingleImage
		{C4424647-0581-47D1-918B-575BFF735CAA}.Win7 Release|Mixed Platforms.Build.0 = SingleImage
		{C4424647-0581-47D1-918B-575BFF735CAA}.Win7 Release|Win32.ActiveCfg = SingleImage
		{C4424647-0581-47D1-918B-575BFF735CAA}.Win7 Release|Win32.Build.0 = SingleImage
		{C4424647-0581-47D1-918B-575BFF735CAA}.Win7 Release|x64.ActiveCfg = SingleImage
		{C4424647-0581-47D1-918B-575BFF735CAA}.Win7 Release|x64.Build.0 = SingleImage
		{C4424647-0581-47D1-918B-575BFF735CAA}.Win8 Debug|Any CPU.ActiveCfg = SingleImage
		{C4424647-0581-47D1-918B-575BFF735CAA}.Win8 Debug|Any CPU.Build.0 = SingleImage
		{C4424647-0581-47D1-918B-575BFF735CAA}.Win8 Debug|Mixed Platforms.ActiveCfg = SingleImage
		{C4424647-0581-47D1-918B-575BFF735CAA}.Win8 Debug|Mixed Platforms.Build.0 = SingleImage
		{C4424647-0581-47D1-918B-575BFF735CAA}.Win8 Debug|Win32.ActiveCfg = SingleImage
		{C4424647-0581-47D1-918B-575BFF735CAA}.Win8 Debug|Win32.Build.0 = SingleImage
		{C4424647-0581-47D1-918B-575BFF735CAA}.Win8 Debug|x64.ActiveCfg = SingleImage
		{C4424647-0581-47D1-918B-575BFF735CAA}.Win8 Debug|x64.Build.0 = SingleImage
		{C4424647-0581-47D1-918B-575BFF735CAA}.Win8 Release|Any CPU.ActiveCfg = SingleImage
		{C4424647-0581-47D1-918B-575BFF735CAA}.Win8 Release|Any CPU.Build.0 = SingleImage
		{C4424647-0581-47D1-918B-575BFF735CAA}.Win8 Release|Mixed Platforms.ActiveCfg = SingleImage
		{C4424647-0581-47D1-918B-575BFF735CAA}.Win8 Release|Mixed Platforms.Build.0 = SingleImage
		{C4424647-0581-47D1-918B-575BFF735CAA}.Win8 Release|Win32.ActiveCfg = SingleImage
		{C4424647-0581-47D1-918B-575BFF735CAA}.Win8 Release|Win32.Build.0 = SingleImage
		{C4424647-0581-47D1-918B-575BFF735CAA}.Win8 Release|x64.ActiveCfg = SingleImage
		{C4424647-0581-47D1-918B-575BFF735CAA}.Win8 Release|x64.Build.0 = SingleImage
		{63D28112-9A56-42FA-9C3E-EF6C58AF09B3}.CD_ROM|Any CPU.ActiveCfg = Release|Any CPU
		{63D28112-9A56-42FA-9C3E-EF6C58AF09B3}.CD_ROM|Any CPU.Build.0 = Release|Any CPU
		{63D28112-9A56-42FA-9C3E-EF6C58AF09B3}.CD_ROM|Mixed Platforms.ActiveCfg = Release|Any CPU
		{63D28112-9A56-42FA-9C3E-EF6C58AF09B3}.CD_ROM|Mixed Platforms.Build.0 = Release|Any CPU
		{63D28112-9A56-42FA-9C3E-EF6C58AF09B3}.CD_ROM|Win32.ActiveCfg = Release|Any CPU
		{63D28112-9A56-42FA-9C3E-EF6C58AF09B3}.CD_ROM|x64.ActiveCfg = Release|Any CPU
		{63D28112-9A56-42FA-9C3E-EF6C58AF09B3}.Debug|Any CPU.ActiveCfg = Debug|Any CPU
		{63D28112-9A56-42FA-9C3E-EF6C58AF09B3}.Debug|Any CPU.Build.0 = Debug|Any CPU
		{63D28112-9A56-42FA-9C3E-EF6C58AF09B3}.Debug|Mixed Platforms.ActiveCfg = Debug|Any CPU
		{63D28112-9A56-42FA-9C3E-EF6C58AF09B3}.Debug|Mixed Platforms.Build.0 = Debug|Any CPU
		{63D28112-9A56-42FA-9C3E-EF6C58AF09B3}.Debug|Win32.ActiveCfg = Debug|Any CPU
		{63D28112-9A56-42FA-9C3E-EF6C58AF09B3}.Debug|x64.ActiveCfg = Debug|Any CPU
		{63D28112-9A56-42FA-9C3E-EF6C58AF09B3}.DVD-5|Any CPU.ActiveCfg = Debug|Any CPU
		{63D28112-9A56-42FA-9C3E-EF6C58AF09B3}.DVD-5|Any CPU.Build.0 = Debug|Any CPU
		{63D28112-9A56-42FA-9C3E-EF6C58AF09B3}.DVD-5|Mixed Platforms.ActiveCfg = Debug|Any CPU
		{63D28112-9A56-42FA-9C3E-EF6C58AF09B3}.DVD-5|Mixed Platforms.Build.0 = Debug|Any CPU
		{63D28112-9A56-42FA-9C3E-EF6C58AF09B3}.DVD-5|Win32.ActiveCfg = Debug|Any CPU
		{63D28112-9A56-42FA-9C3E-EF6C58AF09B3}.DVD-5|x64.ActiveCfg = Debug|Any CPU
		{63D28112-9A56-42FA-9C3E-EF6C58AF09B3}.Release|Any CPU.ActiveCfg = Release|Any CPU
		{63D28112-9A56-42FA-9C3E-EF6C58AF09B3}.Release|Any CPU.Build.0 = Release|Any CPU
		{63D28112-9A56-42FA-9C3E-EF6C58AF09B3}.Release|Mixed Platforms.ActiveCfg = Release|Any CPU
		{63D28112-9A56-42FA-9C3E-EF6C58AF09B3}.Release|Mixed Platforms.Build.0 = Release|Any CPU
		{63D28112-9A56-42FA-9C3E-EF6C58AF09B3}.Release|Win32.ActiveCfg = Release|Any CPU
		{63D28112-9A56-42FA-9C3E-EF6C58AF09B3}.Release|x64.ActiveCfg = Release|Any CPU
		{63D28112-9A56-42FA-9C3E-EF6C58AF09B3}.SingleImage|Any CPU.ActiveCfg = Release|Any CPU
		{63D28112-9A56-42FA-9C3E-EF6C58AF09B3}.SingleImage|Any CPU.Build.0 = Release|Any CPU
		{63D28112-9A56-42FA-9C3E-EF6C58AF09B3}.SingleImage|Mixed Platforms.ActiveCfg = Release|Any CPU
		{63D28112-9A56-42FA-9C3E-EF6C58AF09B3}.SingleImage|Mixed Platforms.Build.0 = Release|Any CPU
		{63D28112-9A56-42FA-9C3E-EF6C58AF09B3}.SingleImage|Win32.ActiveCfg = Release|Any CPU
		{63D28112-9A56-42FA-9C3E-EF6C58AF09B3}.SingleImage|x64.ActiveCfg = Release|Any CPU
		{63D28112-9A56-42FA-9C3E-EF6C58AF09B3}.Vista Debug|Any CPU.ActiveCfg = Debug|Any CPU
		{63D28112-9A56-42FA-9C3E-EF6C58AF09B3}.Vista Debug|Any CPU.Build.0 = Debug|Any CPU
		{63D28112-9A56-42FA-9C3E-EF6C58AF09B3}.Vista Debug|Mixed Platforms.ActiveCfg = Debug|Any CPU
		{63D28112-9A56-42FA-9C3E-EF6C58AF09B3}.Vista Debug|Mixed Platforms.Build.0 = Debug|Any CPU
		{63D28112-9A56-42FA-9C3E-EF6C58AF09B3}.Vista Debug|Win32.ActiveCfg = Debug|Any CPU
		{63D28112-9A56-42FA-9C3E-EF6C58AF09B3}.Vista Debug|x64.ActiveCfg = Debug|Any CPU
		{63D28112-9A56-42FA-9C3E-EF6C58AF09B3}.Vista Release|Any CPU.ActiveCfg = Release|Any CPU
		{63D28112-9A56-42FA-9C3E-EF6C58AF09B3}.Vista Release|Any CPU.Build.0 = Release|Any CPU
		{63D28112-9A56-42FA-9C3E-EF6C58AF09B3}.Vista Release|Mixed Platforms.ActiveCfg = Release|Any CPU
		{63D28112-9A56-42FA-9C3E-EF6C58AF09B3}.Vista Release|Mixed Platforms.Build.0 = Release|Any CPU
		{63D28112-9A56-42FA-9C3E-EF6C58AF09B3}.Vista Release|Win32.ActiveCfg = Release|Any CPU
		{63D28112-9A56-42FA-9C3E-EF6C58AF09B3}.Vista Release|x64.ActiveCfg = Release|Any CPU
		{63D28112-9A56-42FA-9C3E-EF6C58AF09B3}.Win7 Debug|Any CPU.ActiveCfg = Debug|Any CPU
		{63D28112-9A56-42FA-9C3E-EF6C58AF09B3}.Win7 Debug|Any CPU.Build.0 = Debug|Any CPU
		{63D28112-9A56-42FA-9C3E-EF6C58AF09B3}.Win7 Debug|Mixed Platforms.ActiveCfg = Debug|Any CPU
		{63D28112-9A56-42FA-9C3E-EF6C58AF09B3}.Win7 Debug|Mixed Platforms.Build.0 = Debug|Any CPU
		{63D28112-9A56-42FA-9C3E-EF6C58AF09B3}.Win7 Debug|Win32.ActiveCfg = Debug|Any CPU
		{63D28112-9A56-42FA-9C3E-EF6C58AF09B3}.Win7 Debug|x64.ActiveCfg = Debug|Any CPU
		{63D28112-9A56-42FA-9C3E-EF6C58AF09B3}.Win7 Release|Any CPU.ActiveCfg = Release|Any CPU
		{63D28112-9A56-42FA-9C3E-EF6C58AF09B3}.Win7 Release|Any CPU.Build.0 = Release|Any CPU
		{63D28112-9A56-42FA-9C3E-EF6C58AF09B3}.Win7 Release|Mixed Platforms.ActiveCfg = Release|Any CPU
		{63D28112-9A56-42FA-9C3E-EF6C58AF09B3}.Win7 Release|Mixed Platforms.Build.0 = Release|Any CPU
		{63D28112-9A56-42FA-9C3E-EF6C58AF09B3}.Win7 Release|Win32.ActiveCfg = Release|Any CPU
		{63D28112-9A56-42FA-9C3E-EF6C58AF09B3}.Win7 Release|x64.ActiveCfg = Release|Any CPU
		{63D28112-9A56-42FA-9C3E-EF6C58AF09B3}.Win8 Debug|Any CPU.ActiveCfg = Debug|Any CPU
		{63D28112-9A56-42FA-9C3E-EF6C58AF09B3}.Win8 Debug|Any CPU.Build.0 = Debug|Any CPU
		{63D28112-9A56-42FA-9C3E-EF6C58AF09B3}.Win8 Debug|Mixed Platforms.ActiveCfg = Debug|Any CPU
		{63D28112-9A56-42FA-9C3E-EF6C58AF09B3}.Win8 Debug|Mixed Platforms.Build.0 = Debug|Any CPU
		{63D28112-9A56-42FA-9C3E-EF6C58AF09B3}.Win8 Debug|Win32.ActiveCfg = Debug|Any CPU
		{63D28112-9A56-42FA-9C3E-EF6C58AF09B3}.Win8 Debug|x64.ActiveCfg = Debug|Any CPU
		{63D28112-9A56-42FA-9C3E-EF6C58AF09B3}.Win8 Release|Any CPU.ActiveCfg = Release|Any CPU
		{63D28112-9A56-42FA-9C3E-EF6C58AF09B3}.Win8 Release|Any CPU.Build.0 = Release|Any CPU
		{63D28112-9A56-42FA-9C3E-EF6C58AF09B3}.Win8 Release|Mixed Platforms.ActiveCfg = Release|Any CPU
		{63D28112-9A56-42FA-9C3E-EF6C58AF09B3}.Win8 Release|Mixed Platforms.Build.0 = Release|Any CPU
		{63D28112-9A56-42FA-9C3E-EF6C58AF09B3}.Win8 Release|Win32.ActiveCfg = Release|Any CPU
		{63D28112-9A56-42FA-9C3E-EF6C58AF09B3}.Win8 Release|x64.ActiveCfg = Release|Any CPU
	EndGlobalSection
	GlobalSection(SolutionProperties) = preSolution
		HideSolutionNode = FALSE
	EndGlobalSection
EndGlobal
