
Microsoft Visual Studio Solution File, Format Version 10.00
# Visual C++ Express 2008
Project("{8BC9CEB8-8B4A-11D0-8D11-00A0C91BC942}") = "libnatpmp", "libnatpmp.vcproj", "{D59B6527-F3DE-4D26-A08D-52F1EE989301}"
EndProject
Project("{8BC9CEB8-8B4A-11D0-8D11-00A0C91BC942}") = "natpmpc-static", "natpmpc-static.vcproj", "{A0B49FA9-98AB-4A74-8B4C-8AB7FA36089B}"
	ProjectSection(ProjectDependencies) = postProject
		{D59B6527-F3DE-4D26-A08D-52F1EE989301} = {D59B6527-F3DE-4D26-A08D-52F1EE989301}
	EndProjectSection
EndProject
Global
	GlobalSection(SolutionConfigurationPlatforms) = preSolution
		Debug|Win32 = Debug|Win32
		Release|Win32 = Release|Win32
	EndGlobalSection
	GlobalSection(ProjectConfigurationPlatforms) = postSolution
		{D59B6527-F3DE-4D26-A08D-52F1EE989301}.Debug|Win32.ActiveCfg = Debug|Win32
		{D59B6527-F3DE-4D26-A08D-52F1EE989301}.Debug|Win32.Build.0 = Debug|Win32
		{D59B6527-F3DE-4D26-A08D-52F1EE989301}.Release|Win32.ActiveCfg = Release|Win32
		{D59B6527-F3DE-4D26-A08D-52F1EE989301}.Release|Win32.Build.0 = Release|Win32
		{A0B49FA9-98AB-4A74-8B4C-8AB7FA36089B}.Debug|Win32.ActiveCfg = Debug|Win32
		{A0B49FA9-98AB-4A74-8B4C-8AB7FA36089B}.Debug|Win32.Build.0 = Debug|Win32
		{A0B49FA9-98AB-4A74-8B4C-8AB7FA36089B}.Release|Win32.ActiveCfg = Release|Win32
		{A0B49FA9-98AB-4A74-8B4C-8AB7FA36089B}.Release|Win32.Build.0 = Release|Win32
	EndGlobalSection
	GlobalSection(SolutionProperties) = preSolution
		HideSolutionNode = FALSE
	EndGlobalSection
EndGlobal
