
Microsoft Visual Studio Solution File, Format Version 12.00
# Visual Studio 2012
Project("{8BC9CEB8-8B4A-11D0-8D11-00A0C91BC942}") = "SelfTest", "vsprojects\SelfTest\SelfTest.vcxproj", "{DCD73B97-0F44-4044-8BA4-95B59CCAB4BD}"
EndProject
Global
	GlobalSection(SolutionConfigurationPlatforms) = preSolution
		Debug|Win32 = Debug|Win32
		Release|Win32 = Release|Win32
	EndGlobalSection
	GlobalSection(ProjectConfigurationPlatforms) = postSolution
		{DCD73B97-0F44-4044-8BA4-95B59CCAB4BD}.Debug|Win32.ActiveCfg = Debug|Win32
		{DCD73B97-0F44-4044-8BA4-95B59CCAB4BD}.Debug|Win32.Build.0 = Debug|Win32
		{DCD73B97-0F44-4044-8BA4-95B59CCAB4BD}.Release|Win32.ActiveCfg = Release|Win32
		{DCD73B97-0F44-4044-8BA4-95B59CCAB4BD}.Release|Win32.Build.0 = Release|Win32
	EndGlobalSection
	GlobalSection(SolutionProperties) = preSolution
		HideSolutionNode = FALSE
	EndGlobalSection
EndGlobal
