<?xml version="1.0" encoding="utf-8"?>
<Project ToolsVersion="4.0" xmlns="http://schemas.microsoft.com/developer/msbuild/2003">
  <ItemGroup>
    <Filter Include="Source Files">
      <UniqueIdentifier>{4FC737F1-C7A5-4376-A066-2A32D752A2FF}</UniqueIdentifier>
      <Extensions>cpp;c;cc;cxx;def;odl;idl;hpj;bat;asm;asmx</Extensions>
    </Filter>
    <Filter Include="Header Files">
      <UniqueIdentifier>{93995380-89BD-4b04-88EB-625FBE52EBFB}</UniqueIdentifier>
      <Extensions>h;hpp;hxx;hm;inl;inc;xsd</Extensions>
    </Filter>
    <Filter Include="Resource Files">
      <UniqueIdentifier>{67DA6AB6-F800-4c08-8B7A-83BB121AAD01}</UniqueIdentifier>
      <Extensions>rc;ico;cur;bmp;dlg;rc2;rct;bin;rgs;gif;jpg;jpeg;jpe;resx;tiff;tif;png;wav</Extensions>
    </Filter>
  </ItemGroup>
  <ItemGroup>
    <ClCompile Include="cli.cpp">
      <Filter>Source Files</Filter>
    </ClCompile>
    <ClCompile Include="idtool.cpp">
      <Filter>Source Files</Filter>
    </ClCompile>
    <ClCompile Include="main.cpp">
      <Filter>Source Files</Filter>
    </ClCompile>
    <ClCompile Include="makekeypair.cpp">
      <Filter>Source Files</Filter>
    </ClCompile>
    <ClCompile Include="selftest.cpp">
      <Filter>Source Files</Filter>
    </ClCompile>
    <ClCompile Include="launcher-fakebin.c">
      <Filter>Source Files</Filter>
    </ClCompile>
    <ClCompile Include="launcher.c">
      <Filter>Source Files</Filter>
    </ClCompile>
    <ClCompile Include="ext\kissdb\kissdb.c">
      <Filter>Source Files</Filter>
    </ClCompile>
    <ClCompile Include="ext\lz4\bench.c">
      <Filter>Source Files</Filter>
    </ClCompile>
    <ClCompile Include="ext\lz4\fuzzer.c">
      <Filter>Source Files</Filter>
    </ClCompile>
    <ClCompile Include="ext\lz4\lz4.c">
      <Filter>Source Files</Filter>
    </ClCompile>
    <ClCompile Include="ext\lz4\lz4demo.c">
      <Filter>Source Files</Filter>
    </ClCompile>
    <ClCompile Include="ext\lz4\lz4hc.c">
      <Filter>Source Files</Filter>
    </ClCompile>
    <ClCompile Include="mac-tap\tuntap\src\lock.cc">
      <Filter>Source Files</Filter>
    </ClCompile>
    <ClCompile Include="mac-tap\tuntap\src\mem.cc">
      <Filter>Source Files</Filter>
    </ClCompile>
    <ClCompile Include="mac-tap\tuntap\src\tuntap.cc">
      <Filter>Source Files</Filter>
    </ClCompile>
    <ClCompile Include="mac-tap\tuntap\src\tuntap_mgr.cc">
      <Filter>Source Files</Filter>
    </ClCompile>
    <ClCompile Include="mac-tap\tuntap\src\tap\kmod.cc">
      <Filter>Source Files</Filter>
    </ClCompile>
    <ClCompile Include="mac-tap\tuntap\src\tap\tap.cc">
      <Filter>Source Files</Filter>
    </ClCompile>
    <ClCompile Include="mac-tap\tuntap\src\tun\kmod.cc">
      <Filter>Source Files</Filter>
    </ClCompile>
    <ClCompile Include="mac-tap\tuntap\src\tun\tun.cc">
      <Filter>Source Files</Filter>
    </ClCompile>
    <ClCompile Include="mac-tap\tuntap\src\tun\tun_inet6_proto.c">
      <Filter>Source Files</Filter>
    </ClCompile>
    <ClCompile Include="mac-tap\tuntap\src\tun\tun_inet_proto.c">
      <Filter>Source Files</Filter>
    </ClCompile>
    <ClCompile Include="netconf-service\netconf-test.cpp">
      <Filter>Source Files</Filter>
    </ClCompile>
    <ClCompile Include="netconf-service\netconf.cpp">
      <Filter>Source Files</Filter>
    </ClCompile>
    <ClCompile Include="node\Defaults.cpp">
      <Filter>Source Files</Filter>
    </ClCompile>
    <ClCompile Include="node\Demarc.cpp">
      <Filter>Source Files</Filter>
    </ClCompile>
    <ClCompile Include="node\EllipticCurveKeyPair.cpp">
      <Filter>Source Files</Filter>
    </ClCompile>
    <ClCompile Include="node\EthernetTap.cpp">
      <Filter>Source Files</Filter>
    </ClCompile>
    <ClCompile Include="node\Filter.cpp">
      <Filter>Source Files</Filter>
    </ClCompile>
    <ClCompile Include="node\HMAC.cpp">
      <Filter>Source Files</Filter>
    </ClCompile>
    <ClCompile Include="node\Identity.cpp">
      <Filter>Source Files</Filter>
    </ClCompile>
    <ClCompile Include="node\InetAddress.cpp">
      <Filter>Source Files</Filter>
    </ClCompile>
    <ClCompile Include="node\Logger.cpp">
      <Filter>Source Files</Filter>
    </ClCompile>
    <ClCompile Include="node\Network.cpp">
      <Filter>Source Files</Filter>
    </ClCompile>
    <ClCompile Include="node\Node.cpp">
      <Filter>Source Files</Filter>
    </ClCompile>
    <ClCompile Include="node\NodeConfig.cpp">
      <Filter>Source Files</Filter>
    </ClCompile>
    <ClCompile Include="node\Packet.cpp">
      <Filter>Source Files</Filter>
    </ClCompile>
    <ClCompile Include="node\PacketDecoder.cpp">
      <Filter>Source Files</Filter>
    </ClCompile>
    <ClCompile Include="node\Peer.cpp">
      <Filter>Source Files</Filter>
    </ClCompile>
    <ClCompile Include="node\Salsa20.cpp">
      <Filter>Source Files</Filter>
    </ClCompile>
    <ClCompile Include="node\Service.cpp">
      <Filter>Source Files</Filter>
    </ClCompile>
    <ClCompile Include="node\Switch.cpp">
      <Filter>Source Files</Filter>
    </ClCompile>
    <ClCompile Include="node\SysEnv.cpp">
      <Filter>Source Files</Filter>
    </ClCompile>
    <ClCompile Include="node\Topology.cpp">
      <Filter>Source Files</Filter>
    </ClCompile>
    <ClCompile Include="node\UdpSocket.cpp">
      <Filter>Source Files</Filter>
    </ClCompile>
    <ClCompile Include="node\Utils.cpp">
      <Filter>Source Files</Filter>
    </ClCompile>
  </ItemGroup>
  <ItemGroup>
    <ClInclude Include="launcher.h">
      <Filter>Header Files</Filter>
    </ClInclude>
    <ClInclude Include="version.h">
      <Filter>Header Files</Filter>
    </ClInclude>
    <ClInclude Include="ext\bin\libcrypto\include\openssl\aes.h">
      <Filter>Header Files</Filter>
    </ClInclude>
    <ClInclude Include="ext\bin\libcrypto\include\openssl\asn1.h">
      <Filter>Header Files</Filter>
    </ClInclude>
    <ClInclude Include="ext\bin\libcrypto\include\openssl\asn1t.h">
      <Filter>Header Files</Filter>
    </ClInclude>
    <ClInclude Include="ext\bin\libcrypto\include\openssl\asn1_mac.h">
      <Filter>Header Files</Filter>
    </ClInclude>
    <ClInclude Include="ext\bin\libcrypto\include\openssl\bio.h">
      <Filter>Header Files</Filter>
    </ClInclude>
    <ClInclude Include="ext\bin\libcrypto\include\openssl\blowfish.h">
      <Filter>Header Files</Filter>
    </ClInclude>
    <ClInclude Include="ext\bin\libcrypto\include\openssl\bn.h">
      <Filter>Header Files</Filter>
    </ClInclude>
    <ClInclude Include="ext\bin\libcrypto\include\openssl\buffer.h">
      <Filter>Header Files</Filter>
    </ClInclude>
    <ClInclude Include="ext\bin\libcrypto\include\openssl\camellia.h">
      <Filter>Header Files</Filter>
    </ClInclude>
    <ClInclude Include="ext\bin\libcrypto\include\openssl\cast.h">
      <Filter>Header Files</Filter>
    </ClInclude>
    <ClInclude Include="ext\bin\libcrypto\include\openssl\cmac.h">
      <Filter>Header Files</Filter>
    </ClInclude>
    <ClInclude Include="ext\bin\libcrypto\include\openssl\cms.h">
      <Filter>Header Files</Filter>
    </ClInclude>
    <ClInclude Include="ext\bin\libcrypto\include\openssl\comp.h">
      <Filter>Header Files</Filter>
    </ClInclude>
    <ClInclude Include="ext\bin\libcrypto\include\openssl\conf.h">
      <Filter>Header Files</Filter>
    </ClInclude>
    <ClInclude Include="ext\bin\libcrypto\include\openssl\conf_api.h">
      <Filter>Header Files</Filter>
    </ClInclude>
    <ClInclude Include="ext\bin\libcrypto\include\openssl\crypto.h">
      <Filter>Header Files</Filter>
    </ClInclude>
    <ClInclude Include="ext\bin\libcrypto\include\openssl\des.h">
      <Filter>Header Files</Filter>
    </ClInclude>
    <ClInclude Include="ext\bin\libcrypto\include\openssl\des_old.h">
      <Filter>Header Files</Filter>
    </ClInclude>
    <ClInclude Include="ext\bin\libcrypto\include\openssl\dh.h">
      <Filter>Header Files</Filter>
    </ClInclude>
    <ClInclude Include="ext\bin\libcrypto\include\openssl\dsa.h">
      <Filter>Header Files</Filter>
    </ClInclude>
    <ClInclude Include="ext\bin\libcrypto\include\openssl\dso.h">
      <Filter>Header Files</Filter>
    </ClInclude>
    <ClInclude Include="ext\bin\libcrypto\include\openssl\dtls1.h">
      <Filter>Header Files</Filter>
    </ClInclude>
    <ClInclude Include="ext\bin\libcrypto\include\openssl\ebcdic.h">
      <Filter>Header Files</Filter>
    </ClInclude>
    <ClInclude Include="ext\bin\libcrypto\include\openssl\ec.h">
      <Filter>Header Files</Filter>
    </ClInclude>
    <ClInclude Include="ext\bin\libcrypto\include\openssl\ecdh.h">
      <Filter>Header Files</Filter>
    </ClInclude>
    <ClInclude Include="ext\bin\libcrypto\include\openssl\ecdsa.h">
      <Filter>Header Files</Filter>
    </ClInclude>
    <ClInclude Include="ext\bin\libcrypto\include\openssl\engine.h">
      <Filter>Header Files</Filter>
    </ClInclude>
    <ClInclude Include="ext\bin\libcrypto\include\openssl\err.h">
      <Filter>Header Files</Filter>
    </ClInclude>
    <ClInclude Include="ext\bin\libcrypto\include\openssl\evp.h">
      <Filter>Header Files</Filter>
    </ClInclude>
    <ClInclude Include="ext\bin\libcrypto\include\openssl\e_os2.h">
      <Filter>Header Files</Filter>
    </ClInclude>
    <ClInclude Include="ext\bin\libcrypto\include\openssl\hmac.h">
      <Filter>Header Files</Filter>
    </ClInclude>
    <ClInclude Include="ext\bin\libcrypto\include\openssl\idea.h">
      <Filter>Header Files</Filter>
    </ClInclude>
    <ClInclude Include="ext\bin\libcrypto\include\openssl\krb5_asn.h">
      <Filter>Header Files</Filter>
    </ClInclude>
    <ClInclude Include="ext\bin\libcrypto\include\openssl\kssl.h">
      <Filter>Header Files</Filter>
    </ClInclude>
    <ClInclude Include="ext\bin\libcrypto\include\openssl\lhash.h">
      <Filter>Header Files</Filter>
    </ClInclude>
    <ClInclude Include="ext\bin\libcrypto\include\openssl\md4.h">
      <Filter>Header Files</Filter>
    </ClInclude>
    <ClInclude Include="ext\bin\libcrypto\include\openssl\md5.h">
      <Filter>Header Files</Filter>
    </ClInclude>
    <ClInclude Include="ext\bin\libcrypto\include\openssl\mdc2.h">
      <Filter>Header Files</Filter>
    </ClInclude>
    <ClInclude Include="ext\bin\libcrypto\include\openssl\modes.h">
      <Filter>Header Files</Filter>
    </ClInclude>
    <ClInclude Include="ext\bin\libcrypto\include\openssl\objects.h">
      <Filter>Header Files</Filter>
    </ClInclude>
    <ClInclude Include="ext\bin\libcrypto\include\openssl\obj_mac.h">
      <Filter>Header Files</Filter>
    </ClInclude>
    <ClInclude Include="ext\bin\libcrypto\include\openssl\ocsp.h">
      <Filter>Header Files</Filter>
    </ClInclude>
    <ClInclude Include="ext\bin\libcrypto\include\openssl\opensslconf.h">
      <Filter>Header Files</Filter>
    </ClInclude>
    <ClInclude Include="ext\bin\libcrypto\include\openssl\opensslv.h">
      <Filter>Header Files</Filter>
    </ClInclude>
    <ClInclude Include="ext\bin\libcrypto\include\openssl\ossl_typ.h">
      <Filter>Header Files</Filter>
    </ClInclude>
    <ClInclude Include="ext\bin\libcrypto\include\openssl\pem.h">
      <Filter>Header Files</Filter>
    </ClInclude>
    <ClInclude Include="ext\bin\libcrypto\include\openssl\pem2.h">
      <Filter>Header Files</Filter>
    </ClInclude>
    <ClInclude Include="ext\bin\libcrypto\include\openssl\pkcs12.h">
      <Filter>Header Files</Filter>
    </ClInclude>
    <ClInclude Include="ext\bin\libcrypto\include\openssl\pkcs7.h">
      <Filter>Header Files</Filter>
    </ClInclude>
    <ClInclude Include="ext\bin\libcrypto\include\openssl\pqueue.h">
      <Filter>Header Files</Filter>
    </ClInclude>
    <ClInclude Include="ext\bin\libcrypto\include\openssl\rand.h">
      <Filter>Header Files</Filter>
    </ClInclude>
    <ClInclude Include="ext\bin\libcrypto\include\openssl\rc2.h">
      <Filter>Header Files</Filter>
    </ClInclude>
    <ClInclude Include="ext\bin\libcrypto\include\openssl\rc4.h">
      <Filter>Header Files</Filter>
    </ClInclude>
    <ClInclude Include="ext\bin\libcrypto\include\openssl\ripemd.h">
      <Filter>Header Files</Filter>
    </ClInclude>
    <ClInclude Include="ext\bin\libcrypto\include\openssl\rsa.h">
      <Filter>Header Files</Filter>
    </ClInclude>
    <ClInclude Include="ext\bin\libcrypto\include\openssl\safestack.h">
      <Filter>Header Files</Filter>
    </ClInclude>
    <ClInclude Include="ext\bin\libcrypto\include\openssl\seed.h">
      <Filter>Header Files</Filter>
    </ClInclude>
    <ClInclude Include="ext\bin\libcrypto\include\openssl\sha.h">
      <Filter>Header Files</Filter>
    </ClInclude>
    <ClInclude Include="ext\bin\libcrypto\include\openssl\srp.h">
      <Filter>Header Files</Filter>
    </ClInclude>
    <ClInclude Include="ext\bin\libcrypto\include\openssl\srtp.h">
      <Filter>Header Files</Filter>
    </ClInclude>
    <ClInclude Include="ext\bin\libcrypto\include\openssl\ssl.h">
      <Filter>Header Files</Filter>
    </ClInclude>
    <ClInclude Include="ext\bin\libcrypto\include\openssl\ssl2.h">
      <Filter>Header Files</Filter>
    </ClInclude>
    <ClInclude Include="ext\bin\libcrypto\include\openssl\ssl23.h">
      <Filter>Header Files</Filter>
    </ClInclude>
    <ClInclude Include="ext\bin\libcrypto\include\openssl\ssl3.h">
      <Filter>Header Files</Filter>
    </ClInclude>
    <ClInclude Include="ext\bin\libcrypto\include\openssl\stack.h">
      <Filter>Header Files</Filter>
    </ClInclude>
    <ClInclude Include="ext\bin\libcrypto\include\openssl\symhacks.h">
      <Filter>Header Files</Filter>
    </ClInclude>
    <ClInclude Include="ext\bin\libcrypto\include\openssl\tls1.h">
      <Filter>Header Files</Filter>
    </ClInclude>
    <ClInclude Include="ext\bin\libcrypto\include\openssl\ts.h">
      <Filter>Header Files</Filter>
    </ClInclude>
    <ClInclude Include="ext\bin\libcrypto\include\openssl\txt_db.h">
      <Filter>Header Files</Filter>
    </ClInclude>
    <ClInclude Include="ext\bin\libcrypto\include\openssl\ui.h">
      <Filter>Header Files</Filter>
    </ClInclude>
    <ClInclude Include="ext\bin\libcrypto\include\openssl\ui_compat.h">
      <Filter>Header Files</Filter>
    </ClInclude>
    <ClInclude Include="ext\bin\libcrypto\include\openssl\whrlpool.h">
      <Filter>Header Files</Filter>
    </ClInclude>
    <ClInclude Include="ext\bin\libcrypto\include\openssl\x509.h">
      <Filter>Header Files</Filter>
    </ClInclude>
    <ClInclude Include="ext\bin\libcrypto\include\openssl\x509v3.h">
      <Filter>Header Files</Filter>
    </ClInclude>
    <ClInclude Include="ext\bin\libcrypto\include\openssl\x509_vfy.h">
      <Filter>Header Files</Filter>
    </ClInclude>
    <ClInclude Include="ext\kissdb\kissdb.h">
      <Filter>Header Files</Filter>
    </ClInclude>
    <ClInclude Include="ext\lz4\bench.h">
      <Filter>Header Files</Filter>
    </ClInclude>
    <ClInclude Include="ext\lz4\lz4.h">
      <Filter>Header Files</Filter>
    </ClInclude>
    <ClInclude Include="ext\lz4\lz4hc.h">
      <Filter>Header Files</Filter>
    </ClInclude>
    <ClInclude Include="mac-tap\tuntap\src\lock.h">
      <Filter>Header Files</Filter>
    </ClInclude>
    <ClInclude Include="mac-tap\tuntap\src\mem.h">
      <Filter>Header Files</Filter>
    </ClInclude>
    <ClInclude Include="mac-tap\tuntap\src\tuntap.h">
      <Filter>Header Files</Filter>
    </ClInclude>
    <ClInclude Include="mac-tap\tuntap\src\util.h">
      <Filter>Header Files</Filter>
    </ClInclude>
    <ClInclude Include="mac-tap\tuntap\src\tap\tap.h">
      <Filter>Header Files</Filter>
    </ClInclude>
    <ClInclude Include="mac-tap\tuntap\src\tun\tun.h">
      <Filter>Header Files</Filter>
    </ClInclude>
    <ClInclude Include="mac-tap\tuntap\src\tun\tun_ioctls.h">
      <Filter>Header Files</Filter>
    </ClInclude>
    <ClInclude Include="node\Address.hpp">
      <Filter>Header Files</Filter>
    </ClInclude>
    <ClInclude Include="node\Array.hpp">
      <Filter>Header Files</Filter>
    </ClInclude>
    <ClInclude Include="node\AtomicCounter.hpp">
      <Filter>Header Files</Filter>
    </ClInclude>
    <ClInclude Include="node\BloomFilter.hpp">
      <Filter>Header Files</Filter>
    </ClInclude>
    <ClInclude Include="node\Buffer.hpp">
      <Filter>Header Files</Filter>
    </ClInclude>
    <ClInclude Include="node\CMWC4096.hpp">
      <Filter>Header Files</Filter>
    </ClInclude>
    <ClInclude Include="node\Condition.hpp">
      <Filter>Header Files</Filter>
    </ClInclude>
    <ClInclude Include="node\Constants.hpp">
      <Filter>Header Files</Filter>
    </ClInclude>
    <ClInclude Include="node\Defaults.hpp">
      <Filter>Header Files</Filter>
    </ClInclude>
    <ClInclude Include="node\Demarc.hpp">
      <Filter>Header Files</Filter>
    </ClInclude>
    <ClInclude Include="node\Dictionary.hpp">
      <Filter>Header Files</Filter>
    </ClInclude>
    <ClInclude Include="node\EllipticCurveKey.hpp">
      <Filter>Header Files</Filter>
    </ClInclude>
    <ClInclude Include="node\EllipticCurveKeyPair.hpp">
      <Filter>Header Files</Filter>
    </ClInclude>
    <ClInclude Include="node\EthernetTap.hpp">
      <Filter>Header Files</Filter>
    </ClInclude>
    <ClInclude Include="node\Filter.hpp">
      <Filter>Header Files</Filter>
    </ClInclude>
    <ClInclude Include="node\HMAC.hpp">
      <Filter>Header Files</Filter>
    </ClInclude>
    <ClInclude Include="node\Identity.hpp">
      <Filter>Header Files</Filter>
    </ClInclude>
    <ClInclude Include="node\InetAddress.hpp">
      <Filter>Header Files</Filter>
    </ClInclude>
    <ClInclude Include="node\Logger.hpp">
      <Filter>Header Files</Filter>
    </ClInclude>
    <ClInclude Include="node\MAC.hpp">
      <Filter>Header Files</Filter>
    </ClInclude>
    <ClInclude Include="node\Multicaster.hpp">
      <Filter>Header Files</Filter>
    </ClInclude>
    <ClInclude Include="node\MulticastGroup.hpp">
      <Filter>Header Files</Filter>
    </ClInclude>
    <ClInclude Include="node\Mutex.hpp">
      <Filter>Header Files</Filter>
    </ClInclude>
    <ClInclude Include="node\Network.hpp">
      <Filter>Header Files</Filter>
    </ClInclude>
    <ClInclude Include="node\Node.hpp">
      <Filter>Header Files</Filter>
    </ClInclude>
    <ClInclude Include="node\NodeConfig.hpp">
      <Filter>Header Files</Filter>
    </ClInclude>
    <ClInclude Include="node\NonCopyable.hpp">
      <Filter>Header Files</Filter>
    </ClInclude>
    <ClInclude Include="node\Packet.hpp">
      <Filter>Header Files</Filter>
    </ClInclude>
    <ClInclude Include="node\PacketDecoder.hpp">
      <Filter>Header Files</Filter>
    </ClInclude>
    <ClInclude Include="node\Peer.hpp">
      <Filter>Header Files</Filter>
    </ClInclude>
    <ClInclude Include="node\Range.hpp">
      <Filter>Header Files</Filter>
    </ClInclude>
    <ClInclude Include="node\RateLimiter.hpp">
      <Filter>Header Files</Filter>
    </ClInclude>
    <ClInclude Include="node\RuntimeEnvironment.hpp">
      <Filter>Header Files</Filter>
    </ClInclude>
    <ClInclude Include="node\Salsa20.hpp">
      <Filter>Header Files</Filter>
    </ClInclude>
    <ClInclude Include="node\Service.hpp">
      <Filter>Header Files</Filter>
    </ClInclude>
    <ClInclude Include="node\SharedPtr.hpp">
      <Filter>Header Files</Filter>
    </ClInclude>
    <ClInclude Include="node\Switch.hpp">
      <Filter>Header Files</Filter>
    </ClInclude>
    <ClInclude Include="node\SysEnv.hpp">
      <Filter>Header Files</Filter>
    </ClInclude>
    <ClInclude Include="node\Thread.hpp">
      <Filter>Header Files</Filter>
    </ClInclude>
    <ClInclude Include="node\Topology.hpp">
      <Filter>Header Files</Filter>
    </ClInclude>
    <ClInclude Include="node\UdpSocket.hpp">
      <Filter>Header Files</Filter>
    </ClInclude>
    <ClInclude Include="node\Utils.hpp">
      <Filter>Header Files</Filter>
    </ClInclude>
  </ItemGroup>
</Project>