
Microsoft Visual Studio Solution File, Format Version 12.00
# Visual Studio 2012
Project("{8BC9CEB8-8B4A-11D0-8D11-00A0C91BC942}") = "ZeroTierOne", "ZeroTierOne.vcxproj", "{0D4AE49A-FCE5-404F-8041-7FFC4DAF83F4}"
EndProject
Global
	GlobalSection(SolutionConfigurationPlatforms) = preSolution
		Debug|Win32 = Debug|Win32
		Release|Win32 = Release|Win32
	EndGlobalSection
	GlobalSection(ProjectConfigurationPlatforms) = postSolution
		{0D4AE49A-FCE5-404F-8041-7FFC4DAF83F4}.Debug|Win32.ActiveCfg = Debug_32|Win32
		{0D4AE49A-FCE5-404F-8041-7FFC4DAF83F4}.Debug|Win32.Build.0 = Debug_32|Win32
		{0D4AE49A-FCE5-404F-8041-7FFC4DAF83F4}.Release|Win32.ActiveCfg = Debug_32|Win32
		{0D4AE49A-FCE5-404F-8041-7FFC4DAF83F4}.Release|Win32.Build.0 = Debug_32|Win32
	EndGlobalSection
	GlobalSection(SolutionProperties) = preSolution
		HideSolutionNode = FALSE
	EndGlobalSection
EndGlobal
