// !$*UTF8*$!
{
	archiveVersion = 1;
	classes = {
	};
	objectVersion = 46;
	objects = {

/* Begin PBXBuildFile section */
		932D472F1D1CD499004BCFE2 /* ZeroTierIcon.icns in Resources */ = {isa = PBXBuildFile; fileRef = 932D472E1D1CD499004BCFE2 /* ZeroTierIcon.icns */; };
		932D47331D1CD861004BCFE2 /* PreferencesViewController.xib in Resources */ = {isa = PBXBuildFile; fileRef = 932D47311D1CD861004BCFE2 /* PreferencesViewController.xib */; };
		932D47371D1CDC9B004BCFE2 /* AboutViewController.xib in Resources */ = {isa = PBXBuildFile; fileRef = 932D47351D1CDC9B004BCFE2 /* AboutViewController.xib */; };
		93326BDE1CE7C816005CA2AC /* Assets.xcassets in Resources */ = {isa = PBXBuildFile; fileRef = 93326BDD1CE7C816005CA2AC /* Assets.xcassets */; };
		93326BE11CE7C816005CA2AC /* MainMenu.xib in Resources */ = {isa = PBXBuildFile; fileRef = 93326BDF1CE7C816005CA2AC /* MainMenu.xib */; };
		93326BEB1CE7D9B9005CA2AC /* JoinNetworkViewController.xib in Resources */ = {isa = PBXBuildFile; fileRef = 93326BE91CE7D9B9005CA2AC /* JoinNetworkViewController.xib */; };
		93326BEF1CE7DA30005CA2AC /* ShowNetworksViewController.xib in Resources */ = {isa = PBXBuildFile; fileRef = 93326BED1CE7DA30005CA2AC /* ShowNetworksViewController.xib */; };
		93D1675F1D54191C00330C99 /* NodeStatus.m in Sources */ = {isa = PBXBuildFile; fileRef = 93D1675E1D54191C00330C99 /* NodeStatus.m */; };
		93D167621D541BC200330C99 /* ServiceCom.m in Sources */ = {isa = PBXBuildFile; fileRef = 93D167611D541BC200330C99 /* ServiceCom.m */; };
		93D167661D54308200330C99 /* Network.m in Sources */ = {isa = PBXBuildFile; fileRef = 93D167651D54308200330C99 /* Network.m */; };
		93D167691D57E7EA00330C99 /* AboutViewController.m in Sources */ = {isa = PBXBuildFile; fileRef = 93D167681D57E7EA00330C99 /* AboutViewController.m */; };
		93D1676D1D57EB8400330C99 /* PreferencesViewController.m in Sources */ = {isa = PBXBuildFile; fileRef = 93D1676C1D57EB8400330C99 /* PreferencesViewController.m */; };
		93D167701D57FD3800330C99 /* NetworkMonitor.m in Sources */ = {isa = PBXBuildFile; fileRef = 93D1676F1D57FD3800330C99 /* NetworkMonitor.m */; };
		93D167731D58093C00330C99 /* NetworkInfoCell.m in Sources */ = {isa = PBXBuildFile; fileRef = 93D167721D58093C00330C99 /* NetworkInfoCell.m */; };
		93D167761D580C3500330C99 /* ShowNetworksViewController.m in Sources */ = {isa = PBXBuildFile; fileRef = 93D167751D580C3500330C99 /* ShowNetworksViewController.m */; };
		93D167791D5815E600330C99 /* JoinNetworkViewController.m in Sources */ = {isa = PBXBuildFile; fileRef = 93D167781D5815E600330C99 /* JoinNetworkViewController.m */; };
		93D1677C1D58228A00330C99 /* AppDelegate.m in Sources */ = {isa = PBXBuildFile; fileRef = 93D1677B1D58228A00330C99 /* AppDelegate.m */; };
		93D1679B1D58300F00330C99 /* main.m in Sources */ = {isa = PBXBuildFile; fileRef = 93D1679A1D58300F00330C99 /* main.m */; };
		93D1679D1D595F0000330C99 /* WebKit.framework in Frameworks */ = {isa = PBXBuildFile; fileRef = 93D1679C1D595F0000330C99 /* WebKit.framework */; };
		93DAFB271D3F0BEE004D5417 /* about.html in Resources */ = {isa = PBXBuildFile; fileRef = 93DAFB261D3F0BEE004D5417 /* about.html */; };
		93DAFE4B1CFE53CA00547CC4 /* AuthtokenCopy.m in Sources */ = {isa = PBXBuildFile; fileRef = 93DAFE4A1CFE53CA00547CC4 /* AuthtokenCopy.m */; };
/* End PBXBuildFile section */

/* Begin PBXFileReference section */
		932D472E1D1CD499004BCFE2 /* ZeroTierIcon.icns */ = {isa = PBXFileReference; lastKnownFileType = image.icns; path = ZeroTierIcon.icns; sourceTree = "<group>"; };
		932D47311D1CD861004BCFE2 /* PreferencesViewController.xib */ = {isa = PBXFileReference; fileEncoding = 4; lastKnownFileType = file.xib; path = PreferencesViewController.xib; sourceTree = "<group>"; };
		932D47351D1CDC9B004BCFE2 /* AboutViewController.xib */ = {isa = PBXFileReference; fileEncoding = 4; lastKnownFileType = file.xib; path = AboutViewController.xib; sourceTree = "<group>"; };
		93326BD81CE7C816005CA2AC /* ZeroTier One.app */ = {isa = PBXFileReference; explicitFileType = wrapper.application; includeInIndex = 0; path = "ZeroTier One.app"; sourceTree = BUILT_PRODUCTS_DIR; };
		93326BDD1CE7C816005CA2AC /* Assets.xcassets */ = {isa = PBXFileReference; lastKnownFileType = folder.assetcatalog; path = Assets.xcassets; sourceTree = "<group>"; };
		93326BE01CE7C816005CA2AC /* Base */ = {isa = PBXFileReference; lastKnownFileType = file.xib; name = Base; path = Base.lproj/MainMenu.xib; sourceTree = "<group>"; };
		93326BE21CE7C816005CA2AC /* Info.plist */ = {isa = PBXFileReference; lastKnownFileType = text.plist.xml; path = Info.plist; sourceTree = "<group>"; };
		93326BE91CE7D9B9005CA2AC /* JoinNetworkViewController.xib */ = {isa = PBXFileReference; fileEncoding = 4; lastKnownFileType = file.xib; path = JoinNetworkViewController.xib; sourceTree = "<group>"; };
		93326BED1CE7DA30005CA2AC /* ShowNetworksViewController.xib */ = {isa = PBXFileReference; fileEncoding = 4; lastKnownFileType = file.xib; path = ShowNetworksViewController.xib; sourceTree = "<group>"; };
		93D1675D1D54191C00330C99 /* NodeStatus.h */ = {isa = PBXFileReference; fileEncoding = 4; lastKnownFileType = sourcecode.c.h; path = NodeStatus.h; sourceTree = "<group>"; };
		93D1675E1D54191C00330C99 /* NodeStatus.m */ = {isa = PBXFileReference; fileEncoding = 4; lastKnownFileType = sourcecode.c.objc; path = NodeStatus.m; sourceTree = "<group>"; };
		93D167601D541BC200330C99 /* ServiceCom.h */ = {isa = PBXFileReference; fileEncoding = 4; lastKnownFileType = sourcecode.c.h; path = ServiceCom.h; sourceTree = "<group>"; };
		93D167611D541BC200330C99 /* ServiceCom.m */ = {isa = PBXFileReference; fileEncoding = 4; lastKnownFileType = sourcecode.c.objc; path = ServiceCom.m; sourceTree = "<group>"; };
		93D167641D54308200330C99 /* Network.h */ = {isa = PBXFileReference; fileEncoding = 4; lastKnownFileType = sourcecode.c.h; path = Network.h; sourceTree = "<group>"; };
		93D167651D54308200330C99 /* Network.m */ = {isa = PBXFileReference; fileEncoding = 4; lastKnownFileType = sourcecode.c.objc; path = Network.m; sourceTree = "<group>"; };
		93D167671D57E7EA00330C99 /* AboutViewController.h */ = {isa = PBXFileReference; fileEncoding = 4; lastKnownFileType = sourcecode.c.h; path = AboutViewController.h; sourceTree = "<group>"; };
		93D167681D57E7EA00330C99 /* AboutViewController.m */ = {isa = PBXFileReference; fileEncoding = 4; lastKnownFileType = sourcecode.c.objc; path = AboutViewController.m; sourceTree = "<group>"; };
		93D1676B1D57EB8400330C99 /* PreferencesViewController.h */ = {isa = PBXFileReference; fileEncoding = 4; lastKnownFileType = sourcecode.c.h; path = PreferencesViewController.h; sourceTree = "<group>"; };
		93D1676C1D57EB8400330C99 /* PreferencesViewController.m */ = {isa = PBXFileReference; fileEncoding = 4; lastKnownFileType = sourcecode.c.objc; path = PreferencesViewController.m; sourceTree = "<group>"; };
		93D1676E1D57FD3800330C99 /* NetworkMonitor.h */ = {isa = PBXFileReference; fileEncoding = 4; lastKnownFileType = sourcecode.c.h; path = NetworkMonitor.h; sourceTree = "<group>"; };
		93D1676F1D57FD3800330C99 /* NetworkMonitor.m */ = {isa = PBXFileReference; fileEncoding = 4; lastKnownFileType = sourcecode.c.objc; path = NetworkMonitor.m; sourceTree = "<group>"; };
		93D167711D58093C00330C99 /* NetworkInfoCell.h */ = {isa = PBXFileReference; fileEncoding = 4; lastKnownFileType = sourcecode.c.h; path = NetworkInfoCell.h; sourceTree = "<group>"; };
		93D167721D58093C00330C99 /* NetworkInfoCell.m */ = {isa = PBXFileReference; fileEncoding = 4; lastKnownFileType = sourcecode.c.objc; path = NetworkInfoCell.m; sourceTree = "<group>"; };
		93D167741D580C3500330C99 /* ShowNetworksViewController.h */ = {isa = PBXFileReference; fileEncoding = 4; lastKnownFileType = sourcecode.c.h; path = ShowNetworksViewController.h; sourceTree = "<group>"; };
		93D167751D580C3500330C99 /* ShowNetworksViewController.m */ = {isa = PBXFileReference; fileEncoding = 4; lastKnownFileType = sourcecode.c.objc; path = ShowNetworksViewController.m; sourceTree = "<group>"; };
		93D167771D5815E600330C99 /* JoinNetworkViewController.h */ = {isa = PBXFileReference; fileEncoding = 4; lastKnownFileType = sourcecode.c.h; path = JoinNetworkViewController.h; sourceTree = "<group>"; };
		93D167781D5815E600330C99 /* JoinNetworkViewController.m */ = {isa = PBXFileReference; fileEncoding = 4; lastKnownFileType = sourcecode.c.objc; path = JoinNetworkViewController.m; sourceTree = "<group>"; };
		93D1677A1D58228A00330C99 /* AppDelegate.h */ = {isa = PBXFileReference; fileEncoding = 4; lastKnownFileType = sourcecode.c.h; path = AppDelegate.h; sourceTree = "<group>"; };
		93D1677B1D58228A00330C99 /* AppDelegate.m */ = {isa = PBXFileReference; fileEncoding = 4; lastKnownFileType = sourcecode.c.objc; path = AppDelegate.m; sourceTree = "<group>"; };
		93D1679A1D58300F00330C99 /* main.m */ = {isa = PBXFileReference; fileEncoding = 4; lastKnownFileType = sourcecode.c.objc; path = main.m; sourceTree = "<group>"; };
		93D1679C1D595F0000330C99 /* WebKit.framework */ = {isa = PBXFileReference; lastKnownFileType = wrapper.framework; name = WebKit.framework; path = System/Library/Frameworks/WebKit.framework; sourceTree = SDKROOT; };
		93DAFB261D3F0BEE004D5417 /* about.html */ = {isa = PBXFileReference; fileEncoding = 4; lastKnownFileType = text.html; path = about.html; sourceTree = "<group>"; };
		93DAFE4A1CFE53CA00547CC4 /* AuthtokenCopy.m */ = {isa = PBXFileReference; fileEncoding = 4; lastKnownFileType = sourcecode.c.objc; path = AuthtokenCopy.m; sourceTree = "<group>"; };
		93DAFE4C1CFE53DA00547CC4 /* AuthtokenCopy.h */ = {isa = PBXFileReference; lastKnownFileType = sourcecode.c.h; path = AuthtokenCopy.h; sourceTree = "<group>"; };
/* End PBXFileReference section */

/* Begin PBXFrameworksBuildPhase section */
		93326BD51CE7C816005CA2AC /* Frameworks */ = {
			isa = PBXFrameworksBuildPhase;
			buildActionMask = 2147483647;
			files = (
				93D1679D1D595F0000330C99 /* WebKit.framework in Frameworks */,
			);
			runOnlyForDeploymentPostprocessing = 0;
		};
/* End PBXFrameworksBuildPhase section */

/* Begin PBXGroup section */
		93326BCF1CE7C816005CA2AC = {
			isa = PBXGroup;
			children = (
				93D1679C1D595F0000330C99 /* WebKit.framework */,
				93326BDA1CE7C816005CA2AC /* ZeroTier One */,
				93326BD91CE7C816005CA2AC /* Products */,
			);
			sourceTree = "<group>";
		};
		93326BD91CE7C816005CA2AC /* Products */ = {
			isa = PBXGroup;
			children = (
				93326BD81CE7C816005CA2AC /* ZeroTier One.app */,
			);
			name = Products;
			sourceTree = "<group>";
		};
		93326BDA1CE7C816005CA2AC /* ZeroTier One */ = {
			isa = PBXGroup;
			children = (
				932D472E1D1CD499004BCFE2 /* ZeroTierIcon.icns */,
				93326BDD1CE7C816005CA2AC /* Assets.xcassets */,
				93326BDF1CE7C816005CA2AC /* MainMenu.xib */,
				93326BE21CE7C816005CA2AC /* Info.plist */,
				93DAFE4A1CFE53CA00547CC4 /* AuthtokenCopy.m */,
				93DAFE4C1CFE53DA00547CC4 /* AuthtokenCopy.h */,
				93D1676E1D57FD3800330C99 /* NetworkMonitor.h */,
				93D1676F1D57FD3800330C99 /* NetworkMonitor.m */,
				93DAFB261D3F0BEE004D5417 /* about.html */,
				93D1675D1D54191C00330C99 /* NodeStatus.h */,
				93D1675E1D54191C00330C99 /* NodeStatus.m */,
				93D167601D541BC200330C99 /* ServiceCom.h */,
				93D167611D541BC200330C99 /* ServiceCom.m */,
				93D167641D54308200330C99 /* Network.h */,
				93D167651D54308200330C99 /* Network.m */,
				93D167671D57E7EA00330C99 /* AboutViewController.h */,
				93D167681D57E7EA00330C99 /* AboutViewController.m */,
				932D47351D1CDC9B004BCFE2 /* AboutViewController.xib */,
				93D1676B1D57EB8400330C99 /* PreferencesViewController.h */,
				93D1676C1D57EB8400330C99 /* PreferencesViewController.m */,
				932D47311D1CD861004BCFE2 /* PreferencesViewController.xib */,
				93D167711D58093C00330C99 /* NetworkInfoCell.h */,
				93D167721D58093C00330C99 /* NetworkInfoCell.m */,
				93D167741D580C3500330C99 /* ShowNetworksViewController.h */,
				93D167751D580C3500330C99 /* ShowNetworksViewController.m */,
				93326BED1CE7DA30005CA2AC /* ShowNetworksViewController.xib */,
				93D167771D5815E600330C99 /* JoinNetworkViewController.h */,
				93D167781D5815E600330C99 /* JoinNetworkViewController.m */,
				93326BE91CE7D9B9005CA2AC /* JoinNetworkViewController.xib */,
				93D1677A1D58228A00330C99 /* AppDelegate.h */,
				93D1677B1D58228A00330C99 /* AppDelegate.m */,
				93D1679A1D58300F00330C99 /* main.m */,
			);
			path = "ZeroTier One";
			sourceTree = "<group>";
		};
/* End PBXGroup section */

/* Begin PBXNativeTarget section */
		93326BD71CE7C816005CA2AC /* ZeroTier One */ = {
			isa = PBXNativeTarget;
			buildConfigurationList = 93326BE51CE7C816005CA2AC /* Build configuration list for PBXNativeTarget "ZeroTier One" */;
			buildPhases = (
				93326BD41CE7C816005CA2AC /* Sources */,
				93326BD51CE7C816005CA2AC /* Frameworks */,
				93326BD61CE7C816005CA2AC /* Resources */,
			);
			buildRules = (
			);
			dependencies = (
			);
			name = "ZeroTier One";
			productName = "ZeroTier One";
			productReference = 93326BD81CE7C816005CA2AC /* ZeroTier One.app */;
			productType = "com.apple.product-type.application";
		};
/* End PBXNativeTarget section */

/* Begin PBXProject section */
		93326BD01CE7C816005CA2AC /* Project object */ = {
			isa = PBXProject;
			attributes = {
				LastSwiftUpdateCheck = 0730;
				LastUpgradeCheck = 0800;
				ORGANIZATIONNAME = "ZeroTier, Inc";
				TargetAttributes = {
					93326BD71CE7C816005CA2AC = {
						CreatedOnToolsVersion = 7.3;
					};
				};
			};
			buildConfigurationList = 93326BD31CE7C816005CA2AC /* Build configuration list for PBXProject "ZeroTier One" */;
			compatibilityVersion = "Xcode 3.2";
			developmentRegion = English;
			hasScannedForEncodings = 0;
			knownRegions = (
				en,
				Base,
			);
			mainGroup = 93326BCF1CE7C816005CA2AC;
			productRefGroup = 93326BD91CE7C816005CA2AC /* Products */;
			projectDirPath = "";
			projectRoot = "";
			targets = (
				93326BD71CE7C816005CA2AC /* ZeroTier One */,
			);
		};
/* End PBXProject section */

/* Begin PBXResourcesBuildPhase section */
		93326BD61CE7C816005CA2AC /* Resources */ = {
			isa = PBXResourcesBuildPhase;
			buildActionMask = 2147483647;
			files = (
				93DAFB271D3F0BEE004D5417 /* about.html in Resources */,
				93326BEF1CE7DA30005CA2AC /* ShowNetworksViewController.xib in Resources */,
				932D47371D1CDC9B004BCFE2 /* AboutViewController.xib in Resources */,
				93326BEB1CE7D9B9005CA2AC /* JoinNetworkViewController.xib in Resources */,
				93326BDE1CE7C816005CA2AC /* Assets.xcassets in Resources */,
				93326BE11CE7C816005CA2AC /* MainMenu.xib in Resources */,
				932D472F1D1CD499004BCFE2 /* ZeroTierIcon.icns in Resources */,
				932D47331D1CD861004BCFE2 /* PreferencesViewController.xib in Resources */,
			);
			runOnlyForDeploymentPostprocessing = 0;
		};
/* End PBXResourcesBuildPhase section */

/* Begin PBXSourcesBuildPhase section */
		93326BD41CE7C816005CA2AC /* Sources */ = {
			isa = PBXSourcesBuildPhase;
			buildActionMask = 2147483647;
			files = (
				93D1679B1D58300F00330C99 /* main.m in Sources */,
				93D167621D541BC200330C99 /* ServiceCom.m in Sources */,
				93D167761D580C3500330C99 /* ShowNetworksViewController.m in Sources */,
				93DAFE4B1CFE53CA00547CC4 /* AuthtokenCopy.m in Sources */,
				93D167701D57FD3800330C99 /* NetworkMonitor.m in Sources */,
				93D1675F1D54191C00330C99 /* NodeStatus.m in Sources */,
				93D167691D57E7EA00330C99 /* AboutViewController.m in Sources */,
				93D1676D1D57EB8400330C99 /* PreferencesViewController.m in Sources */,
				93D1677C1D58228A00330C99 /* AppDelegate.m in Sources */,
				93D167731D58093C00330C99 /* NetworkInfoCell.m in Sources */,
				93D167661D54308200330C99 /* Network.m in Sources */,
				93D167791D5815E600330C99 /* JoinNetworkViewController.m in Sources */,
			);
			runOnlyForDeploymentPostprocessing = 0;
		};
/* End PBXSourcesBuildPhase section */

/* Begin PBXVariantGroup section */
		93326BDF1CE7C816005CA2AC /* MainMenu.xib */ = {
			isa = PBXVariantGroup;
			children = (
				93326BE01CE7C816005CA2AC /* Base */,
			);
			name = MainMenu.xib;
			sourceTree = "<group>";
		};
/* End PBXVariantGroup section */

/* Begin XCBuildConfiguration section */
		93326BE31CE7C816005CA2AC /* Debug */ = {
			isa = XCBuildConfiguration;
			buildSettings = {
				ALWAYS_SEARCH_USER_PATHS = NO;
				CLANG_ANALYZER_NONNULL = YES;
				CLANG_CXX_LANGUAGE_STANDARD = "gnu++0x";
				CLANG_CXX_LIBRARY = "libc++";
				CLANG_ENABLE_MODULES = YES;
				CLANG_ENABLE_OBJC_ARC = YES;
				CLANG_WARN_BOOL_CONVERSION = YES;
				CLANG_WARN_CONSTANT_CONVERSION = YES;
				CLANG_WARN_DIRECT_OBJC_ISA_USAGE = YES_ERROR;
				CLANG_WARN_EMPTY_BODY = YES;
				CLANG_WARN_ENUM_CONVERSION = YES;
				CLANG_WARN_INFINITE_RECURSION = YES;
				CLANG_WARN_INT_CONVERSION = YES;
				CLANG_WARN_OBJC_ROOT_CLASS = YES_ERROR;
				CLANG_WARN_SUSPICIOUS_MOVE = YES;
				CLANG_WARN_UNREACHABLE_CODE = YES;
				CLANG_WARN__DUPLICATE_METHOD_MATCH = YES;
				CODE_SIGN_IDENTITY = "-";
				COPY_PHASE_STRIP = NO;
				DEBUG_INFORMATION_FORMAT = dwarf;
				ENABLE_STRICT_OBJC_MSGSEND = YES;
				ENABLE_TESTABILITY = YES;
				GCC_C_LANGUAGE_STANDARD = gnu99;
				GCC_DYNAMIC_NO_PIC = NO;
				GCC_NO_COMMON_BLOCKS = YES;
				GCC_OPTIMIZATION_LEVEL = 0;
				GCC_PREPROCESSOR_DEFINITIONS = (
					"DEBUG=1",
					"$(inherited)",
				);
				GCC_WARN_64_TO_32_BIT_CONVERSION = YES;
				GCC_WARN_ABOUT_RETURN_TYPE = YES_ERROR;
				GCC_WARN_UNDECLARED_SELECTOR = YES;
				GCC_WARN_UNINITIALIZED_AUTOS = YES_AGGRESSIVE;
				GCC_WARN_UNUSED_FUNCTION = YES;
				GCC_WARN_UNUSED_VARIABLE = YES;
				MACOSX_DEPLOYMENT_TARGET = 10.11;
				MTL_ENABLE_DEBUG_INFO = YES;
				ONLY_ACTIVE_ARCH = YES;
				SDKROOT = macosx;
				SWIFT_OPTIMIZATION_LEVEL = "-Onone";
			};
			name = Debug;
		};
		93326BE41CE7C816005CA2AC /* Release */ = {
			isa = XCBuildConfiguration;
			buildSettings = {
				ALWAYS_SEARCH_USER_PATHS = NO;
				CLANG_ANALYZER_NONNULL = YES;
				CLANG_CXX_LANGUAGE_STANDARD = "gnu++0x";
				CLANG_CXX_LIBRARY = "libc++";
				CLANG_ENABLE_MODULES = YES;
				CLANG_ENABLE_OBJC_ARC = YES;
				CLANG_WARN_BOOL_CONVERSION = YES;
				CLANG_WARN_CONSTANT_CONVERSION = YES;
				CLANG_WARN_DIRECT_OBJC_ISA_USAGE = YES_ERROR;
				CLANG_WARN_EMPTY_BODY = YES;
				CLANG_WARN_ENUM_CONVERSION = YES;
				CLANG_WARN_INFINITE_RECURSION = YES;
				CLANG_WARN_INT_CONVERSION = YES;
				CLANG_WARN_OBJC_ROOT_CLASS = YES_ERROR;
				CLANG_WARN_SUSPICIOUS_MOVE = YES;
				CLANG_WARN_UNREACHABLE_CODE = YES;
				CLANG_WARN__DUPLICATE_METHOD_MATCH = YES;
				CODE_SIGN_IDENTITY = "-";
				COPY_PHASE_STRIP = NO;
				DEBUG_INFORMATION_FORMAT = "dwarf-with-dsym";
				ENABLE_NS_ASSERTIONS = NO;
				ENABLE_STRICT_OBJC_MSGSEND = YES;
				GCC_C_LANGUAGE_STANDARD = gnu99;
				GCC_NO_COMMON_BLOCKS = YES;
				GCC_WARN_64_TO_32_BIT_CONVERSION = YES;
				GCC_WARN_ABOUT_RETURN_TYPE = YES_ERROR;
				GCC_WARN_UNDECLARED_SELECTOR = YES;
				GCC_WARN_UNINITIALIZED_AUTOS = YES_AGGRESSIVE;
				GCC_WARN_UNUSED_FUNCTION = YES;
				GCC_WARN_UNUSED_VARIABLE = YES;
				MACOSX_DEPLOYMENT_TARGET = 10.11;
				MTL_ENABLE_DEBUG_INFO = NO;
				SDKROOT = macosx;
			};
			name = Release;
		};
		93326BE61CE7C816005CA2AC /* Debug */ = {
			isa = XCBuildConfiguration;
			buildSettings = {
				CLANG_ENABLE_MODULES = YES;
				COMBINE_HIDPI_IMAGES = YES;
				INFOPLIST_FILE = "ZeroTier One/Info.plist";
				LD_RUNPATH_SEARCH_PATHS = "$(inherited) @executable_path/../Frameworks";
				MACOSX_DEPLOYMENT_TARGET = 10.10;
				PRODUCT_BUNDLE_IDENTIFIER = "com.zerotier.ZeroTier-One";
				PRODUCT_NAME = "$(TARGET_NAME)";
				SWIFT_OBJC_BRIDGING_HEADER = "ZeroTier One/ZeroTier One-Bridging-Header.h";
				SWIFT_OPTIMIZATION_LEVEL = "-Onone";
			};
			name = Debug;
		};
		93326BE71CE7C816005CA2AC /* Release */ = {
			isa = XCBuildConfiguration;
			buildSettings = {
				CLANG_ENABLE_MODULES = YES;
				COMBINE_HIDPI_IMAGES = YES;
				INFOPLIST_FILE = "ZeroTier One/Info.plist";
				LD_RUNPATH_SEARCH_PATHS = "$(inherited) @executable_path/../Frameworks";
				MACOSX_DEPLOYMENT_TARGET = 10.10;
				PRODUCT_BUNDLE_IDENTIFIER = "com.zerotier.ZeroTier-One";
				PRODUCT_NAME = "$(TARGET_NAME)";
				SWIFT_OBJC_BRIDGING_HEADER = "ZeroTier One/ZeroTier One-Bridging-Header.h";
			};
			name = Release;
		};
/* End XCBuildConfiguration section */

/* Begin XCConfigurationList section */
		93326BD31CE7C816005CA2AC /* Build configuration list for PBXProject "ZeroTier One" */ = {
			isa = XCConfigurationList;
			buildConfigurations = (
				93326BE31CE7C816005CA2AC /* Debug */,
				93326BE41CE7C816005CA2AC /* Release */,
			);
			defaultConfigurationIsVisible = 0;
			defaultConfigurationName = Release;
		};
		93326BE51CE7C816005CA2AC /* Build configuration list for PBXNativeTarget "ZeroTier One" */ = {
			isa = XCConfigurationList;
			buildConfigurations = (
				93326BE61CE7C816005CA2AC /* Debug */,
				93326BE71CE7C816005CA2AC /* Release */,
			);
			defaultConfigurationIsVisible = 0;
			defaultConfigurationName = Release;
		};
/* End XCConfigurationList section */
	};
	rootObject = 93326BD01CE7C816005CA2AC /* Project object */;
}
