<?xml version="1.0" encoding="utf-8"?>
<Project ToolsVersion="4.0" xmlns="http://schemas.microsoft.com/developer/msbuild/2003">
  <ItemGroup>
    <Filter Include="Source Files">
      <UniqueIdentifier>{4FC737F1-C7A5-4376-A066-2A32D752A2FF}</UniqueIdentifier>
      <Extensions>cpp;c;cc;cxx;def;odl;idl;hpj;bat;asm;asmx</Extensions>
    </Filter>
    <Filter Include="Header Files">
      <UniqueIdentifier>{93995380-89BD-4b04-88EB-625FBE52EBFB}</UniqueIdentifier>
      <Extensions>h;hpp;hxx;hm;inl;inc;xsd</Extensions>
    </Filter>
    <Filter Include="Resource Files">
      <UniqueIdentifier>{67DA6AB6-F800-4c08-8B7A-83BB121AAD01}</UniqueIdentifier>
      <Extensions>rc;ico;cur;bmp;dlg;rc2;rct;bin;rgs;gif;jpg;jpeg;jpe;resx;tiff;tif;png;wav;mfcribbon-ms</Extensions>
    </Filter>
    <Filter Include="Source Files\node">
      <UniqueIdentifier>{67b1c0f8-b018-4169-9c14-7032ed12c786}</UniqueIdentifier>
    </Filter>
    <Filter Include="Header Files\include">
      <UniqueIdentifier>{40761a4c-e8db-4a91-9cab-7afef332f4a8}</UniqueIdentifier>
    </Filter>
    <Filter Include="Header Files\node">
      <UniqueIdentifier>{da3b8126-840c-45db-8abe-9d7e7976f8be}</UniqueIdentifier>
    </Filter>
    <Filter Include="Source Files\osdep">
      <UniqueIdentifier>{6054dfae-4ed2-4d69-8cf5-d6f27646f2d7}</UniqueIdentifier>
    </Filter>
    <Filter Include="Source Files\service">
      <UniqueIdentifier>{9944293a-4a1a-40e9-b92a-eff31fe87e2c}</UniqueIdentifier>
    </Filter>
    <Filter Include="Header Files\osdep">
      <UniqueIdentifier>{ca21bd6b-ff4e-4f9e-bedd-c9f603d2d0d6}</UniqueIdentifier>
    </Filter>
    <Filter Include="Header Files\service">
      <UniqueIdentifier>{e1743b3c-1d18-47f1-ab5a-f5703c19f1df}</UniqueIdentifier>
    </Filter>
    <Filter Include="Header Files\ext">
      <UniqueIdentifier>{71865460-d693-4c73-84f6-dbff42f49df6}</UniqueIdentifier>
    </Filter>
    <Filter Include="Header Files\ext\http-parser">
      <UniqueIdentifier>{17ae9a01-d39f-4c6d-a800-8f2cd0804c96}</UniqueIdentifier>
    </Filter>
    <Filter Include="Source Files\ext">
      <UniqueIdentifier>{7784af31-5b60-4300-b07e-44cf864c54db}</UniqueIdentifier>
    </Filter>
    <Filter Include="Source Files\ext\http-parser">
      <UniqueIdentifier>{f8a1c208-15b8-4d85-a4cb-11d2b82f2d1e}</UniqueIdentifier>
    </Filter>
    <Filter Include="Source Files\windows">
      <UniqueIdentifier>{43f75f84-c70d-4d44-a0ef-28a7a399abd4}</UniqueIdentifier>
    </Filter>
    <Filter Include="Source Files\windows\ZeroTierOne">
      <UniqueIdentifier>{0da07a2f-8922-4827-ac51-29ca3f30f881}</UniqueIdentifier>
    </Filter>
    <Filter Include="Header Files\windows">
      <UniqueIdentifier>{b74916eb-bb6c-4449-a2a2-fa0b17f60121}</UniqueIdentifier>
    </Filter>
    <Filter Include="Header Files\windows\ZeroTierOne">
      <UniqueIdentifier>{bf604491-14c4-4a74-81a6-6105d07c5c7c}</UniqueIdentifier>
    </Filter>
    <Filter Include="Header Files\ext\miniupnpc">
      <UniqueIdentifier>{5423fb64-896b-432e-a19d-88d4467f89f9}</UniqueIdentifier>
    </Filter>
    <Filter Include="Source Files\ext\miniupnpc">
      <UniqueIdentifier>{56cc3ab8-3336-4a22-9471-c267ee46cd54}</UniqueIdentifier>
    </Filter>
    <Filter Include="Header Files\ext\libnatpmp">
      <UniqueIdentifier>{d7292d0d-72a0-4ed6-b717-21debb120737}</UniqueIdentifier>
    </Filter>
    <Filter Include="Source Files\ext\libnatpmp">
      <UniqueIdentifier>{409ec37e-ff36-4c13-b18d-52d6052e0ca2}</UniqueIdentifier>
    </Filter>
    <Filter Include="Source Files\controller">
      <UniqueIdentifier>{3cad34c8-c436-43ae-8323-57803637c832}</UniqueIdentifier>
    </Filter>
    <Filter Include="Header Files\ext\json">
      <UniqueIdentifier>{ff20532b-d9a2-440d-a7b4-b49e26a9b2f8}</UniqueIdentifier>
    </Filter>
    <Filter Include="Header Files\ext\x64-salsa2012-asm">
      <UniqueIdentifier>{05d9cde8-03ae-4e37-b9f7-7417de98cbe9}</UniqueIdentifier>
    </Filter>
    <Filter Include="Header Files\controller">
      <UniqueIdentifier>{7dc22e9c-f869-41e7-b43d-f07f5b94f6fb}</UniqueIdentifier>
    </Filter>
    <Filter Include="Header Files\ext\cpp-httplib">
      <UniqueIdentifier>{4dfde4c7-2950-40ee-92f2-05e0916d36c5}</UniqueIdentifier>
    </Filter>
  </ItemGroup>
  <ItemGroup>
    <ClCompile Include="..\..\service\OneService.cpp">
      <Filter>Source Files\service</Filter>
    </ClCompile>
    <ClCompile Include="..\..\osdep\Http.cpp">
      <Filter>Source Files\osdep</Filter>
    </ClCompile>
    <ClCompile Include="..\..\osdep\OSUtils.cpp">
      <Filter>Source Files\osdep</Filter>
    </ClCompile>
    <ClCompile Include="..\..\node\C25519.cpp">
      <Filter>Source Files\node</Filter>
    </ClCompile>
    <ClCompile Include="..\..\node\CertificateOfMembership.cpp">
      <Filter>Source Files\node</Filter>
    </ClCompile>
    <ClCompile Include="..\..\node\Identity.cpp">
      <Filter>Source Files\node</Filter>
    </ClCompile>
    <ClCompile Include="..\..\node\IncomingPacket.cpp">
      <Filter>Source Files\node</Filter>
    </ClCompile>
    <ClCompile Include="..\..\node\InetAddress.cpp">
      <Filter>Source Files\node</Filter>
    </ClCompile>
    <ClCompile Include="..\..\node\Multicaster.cpp">
      <Filter>Source Files\node</Filter>
    </ClCompile>
    <ClCompile Include="..\..\node\Network.cpp">
      <Filter>Source Files\node</Filter>
    </ClCompile>
    <ClCompile Include="..\..\node\NetworkConfig.cpp">
      <Filter>Source Files\node</Filter>
    </ClCompile>
    <ClCompile Include="..\..\node\Node.cpp">
      <Filter>Source Files\node</Filter>
    </ClCompile>
    <ClCompile Include="..\..\node\OutboundMulticast.cpp">
      <Filter>Source Files\node</Filter>
    </ClCompile>
    <ClCompile Include="..\..\node\Packet.cpp">
      <Filter>Source Files\node</Filter>
    </ClCompile>
    <ClCompile Include="..\..\node\Peer.cpp">
      <Filter>Source Files\node</Filter>
    </ClCompile>
    <ClCompile Include="..\..\node\Poly1305.cpp">
      <Filter>Source Files\node</Filter>
    </ClCompile>
    <ClCompile Include="..\..\node\Salsa20.cpp">
      <Filter>Source Files\node</Filter>
    </ClCompile>
    <ClCompile Include="..\..\node\SelfAwareness.cpp">
      <Filter>Source Files\node</Filter>
    </ClCompile>
    <ClCompile Include="..\..\node\SHA512.cpp">
      <Filter>Source Files\node</Filter>
    </ClCompile>
    <ClCompile Include="..\..\node\Switch.cpp">
      <Filter>Source Files\node</Filter>
    </ClCompile>
    <ClCompile Include="..\..\node\Topology.cpp">
      <Filter>Source Files\node</Filter>
    </ClCompile>
    <ClCompile Include="..\..\node\Utils.cpp">
      <Filter>Source Files\node</Filter>
    </ClCompile>
    <ClCompile Include="..\..\ext\http-parser\http_parser.c">
      <Filter>Source Files\ext\http-parser</Filter>
    </ClCompile>
    <ClCompile Include="ServiceBase.cpp">
      <Filter>Source Files\windows\ZeroTierOne</Filter>
    </ClCompile>
    <ClCompile Include="ServiceInstaller.cpp">
      <Filter>Source Files\windows\ZeroTierOne</Filter>
    </ClCompile>
    <ClCompile Include="ZeroTierOneService.cpp">
      <Filter>Source Files\windows\ZeroTierOne</Filter>
    </ClCompile>
    <ClCompile Include="..\..\node\Path.cpp">
      <Filter>Source Files\node</Filter>
    </ClCompile>
    <ClCompile Include="..\..\ext\miniupnpc\connecthostport.c">
      <Filter>Source Files\ext\miniupnpc</Filter>
    </ClCompile>
    <ClCompile Include="..\..\ext\miniupnpc\igd_desc_parse.c">
      <Filter>Source Files\ext\miniupnpc</Filter>
    </ClCompile>
    <ClCompile Include="..\..\ext\miniupnpc\minisoap.c">
      <Filter>Source Files\ext\miniupnpc</Filter>
    </ClCompile>
    <ClCompile Include="..\..\ext\miniupnpc\minissdpc.c">
      <Filter>Source Files\ext\miniupnpc</Filter>
    </ClCompile>
    <ClCompile Include="..\..\ext\miniupnpc\miniupnpc.c">
      <Filter>Source Files\ext\miniupnpc</Filter>
    </ClCompile>
    <ClCompile Include="..\..\ext\miniupnpc\miniwget.c">
      <Filter>Source Files\ext\miniupnpc</Filter>
    </ClCompile>
    <ClCompile Include="..\..\ext\miniupnpc\minixml.c">
      <Filter>Source Files\ext\miniupnpc</Filter>
    </ClCompile>
    <ClCompile Include="..\..\ext\miniupnpc\portlistingparse.c">
      <Filter>Source Files\ext\miniupnpc</Filter>
    </ClCompile>
    <ClCompile Include="..\..\ext\miniupnpc\receivedata.c">
      <Filter>Source Files\ext\miniupnpc</Filter>
    </ClCompile>
    <ClCompile Include="..\..\ext\miniupnpc\upnpcommands.c">
      <Filter>Source Files\ext\miniupnpc</Filter>
    </ClCompile>
    <ClCompile Include="..\..\ext\miniupnpc\upnpdev.c">
      <Filter>Source Files\ext\miniupnpc</Filter>
    </ClCompile>
    <ClCompile Include="..\..\ext\miniupnpc\upnperrors.c">
      <Filter>Source Files\ext\miniupnpc</Filter>
    </ClCompile>
    <ClCompile Include="..\..\ext\miniupnpc\upnpreplyparse.c">
      <Filter>Source Files\ext\miniupnpc</Filter>
    </ClCompile>
    <ClCompile Include="..\..\osdep\PortMapper.cpp">
      <Filter>Source Files\osdep</Filter>
    </ClCompile>
    <ClCompile Include="..\..\ext\libnatpmp\getgateway.c">
      <Filter>Source Files\ext\libnatpmp</Filter>
    </ClCompile>
    <ClCompile Include="..\..\ext\libnatpmp\natpmp.c">
      <Filter>Source Files\ext\libnatpmp</Filter>
    </ClCompile>
    <ClCompile Include="..\..\ext\libnatpmp\wingettimeofday.c">
      <Filter>Source Files\ext\libnatpmp</Filter>
    </ClCompile>
    <ClCompile Include="..\..\osdep\ManagedRoute.cpp">
      <Filter>Source Files\osdep</Filter>
    </ClCompile>
    <ClCompile Include="..\..\node\Membership.cpp">
      <Filter>Source Files\node</Filter>
    </ClCompile>
    <ClCompile Include="..\..\node\Capability.cpp">
      <Filter>Source Files\node</Filter>
    </ClCompile>
    <ClCompile Include="..\..\node\Revocation.cpp">
      <Filter>Source Files\node</Filter>
    </ClCompile>
    <ClCompile Include="..\..\node\Tag.cpp">
      <Filter>Source Files\node</Filter>
    </ClCompile>
    <ClCompile Include="..\..\controller\EmbeddedNetworkController.cpp">
      <Filter>Source Files\controller</Filter>
    </ClCompile>
    <ClCompile Include="..\..\service\SoftwareUpdater.cpp">
      <Filter>Source Files\service</Filter>
    </ClCompile>
    <ClCompile Include="..\..\node\CertificateOfOwnership.cpp">
      <Filter>Source Files\node</Filter>
    </ClCompile>
    <ClCompile Include="..\..\one.cpp">
      <Filter>Source Files</Filter>
    </ClCompile>
    <ClCompile Include="..\..\selftest.cpp">
      <Filter>Source Files</Filter>
    </ClCompile>
    <ClCompile Include="..\..\node\Trace.cpp">
      <Filter>Source Files\node</Filter>
    </ClCompile>
    <ClCompile Include="..\..\controller\DB.cpp">
      <Filter>Source Files\controller</Filter>
    </ClCompile>
    <ClCompile Include="..\..\controller\FileDB.cpp">
      <Filter>Source Files\controller</Filter>
    </ClCompile>
    <ClCompile Include="..\..\controller\PostgreSQL.cpp">
      <Filter>Source Files\controller</Filter>
    </ClCompile>
    <ClCompile Include="..\..\controller\LFDB.cpp">
      <Filter>Source Files\controller</Filter>
    </ClCompile>
    <ClCompile Include="..\..\controller\DBMirrorSet.cpp">
      <Filter>Source Files\controller</Filter>
    </ClCompile>
    <ClCompile Include="..\..\osdep\EthernetTap.cpp">
      <Filter>Source Files\osdep</Filter>
    </ClCompile>
    <ClCompile Include="..\..\node\Bond.cpp">
      <Filter>Source Files\node</Filter>
    </ClCompile>
    <ClCompile Include="..\..\osdep\WinDNSHelper.cpp">
      <Filter>Source Files\osdep</Filter>
    </ClCompile>
    <ClCompile Include="..\..\osdep\WindowsEthernetTap.cpp">
      <Filter>Source Files\osdep</Filter>
    </ClCompile>
    <ClCompile Include="..\..\node\AES.cpp">
      <Filter>Source Files\node</Filter>
    </ClCompile>
    <ClCompile Include="..\..\node\AES_aesni.cpp">
      <Filter>Source Files\node</Filter>
    </ClCompile>
    <ClCompile Include="..\..\node\AES_armcrypto.cpp">
      <Filter>Source Files\node</Filter>
    </ClCompile>
  </ItemGroup>
  <ItemGroup>
    <ClInclude Include="resource.h">
      <Filter>Header Files</Filter>
    </ClInclude>
    <ClInclude Include="..\..\version.h">
      <Filter>Header Files</Filter>
    </ClInclude>
    <ClInclude Include="..\..\include\ZeroTierOne.h">
      <Filter>Header Files\include</Filter>
    </ClInclude>
    <ClInclude Include="..\..\osdep\Http.hpp">
      <Filter>Header Files\osdep</Filter>
    </ClInclude>
    <ClInclude Include="..\..\osdep\OSUtils.hpp">
      <Filter>Header Files\osdep</Filter>
    </ClInclude>
    <ClInclude Include="..\..\osdep\Phy.hpp">
      <Filter>Header Files\osdep</Filter>
    </ClInclude>
    <ClInclude Include="..\..\osdep\Thread.hpp">
      <Filter>Header Files\osdep</Filter>
    </ClInclude>
    <ClInclude Include="..\..\osdep\WindowsEthernetTap.hpp">
      <Filter>Header Files\osdep</Filter>
    </ClInclude>
    <ClInclude Include="..\..\service\OneService.hpp">
      <Filter>Header Files\service</Filter>
    </ClInclude>
    <ClInclude Include="..\..\node\Address.hpp">
      <Filter>Header Files\node</Filter>
    </ClInclude>
    <ClInclude Include="..\..\node\AtomicCounter.hpp">
      <Filter>Header Files\node</Filter>
    </ClInclude>
    <ClInclude Include="..\..\node\Buffer.hpp">
      <Filter>Header Files\node</Filter>
    </ClInclude>
    <ClInclude Include="..\..\node\C25519.hpp">
      <Filter>Header Files\node</Filter>
    </ClInclude>
    <ClInclude Include="..\..\node\CertificateOfMembership.hpp">
      <Filter>Header Files\node</Filter>
    </ClInclude>
    <ClInclude Include="..\..\node\Constants.hpp">
      <Filter>Header Files\node</Filter>
    </ClInclude>
    <ClInclude Include="..\..\node\Dictionary.hpp">
      <Filter>Header Files\node</Filter>
    </ClInclude>
    <ClInclude Include="..\..\node\Identity.hpp">
      <Filter>Header Files\node</Filter>
    </ClInclude>
    <ClInclude Include="..\..\node\IncomingPacket.hpp">
      <Filter>Header Files\node</Filter>
    </ClInclude>
    <ClInclude Include="..\..\node\InetAddress.hpp">
      <Filter>Header Files\node</Filter>
    </ClInclude>
    <ClInclude Include="..\..\node\MAC.hpp">
      <Filter>Header Files\node</Filter>
    </ClInclude>
    <ClInclude Include="..\..\node\Multicaster.hpp">
      <Filter>Header Files\node</Filter>
    </ClInclude>
    <ClInclude Include="..\..\node\MulticastGroup.hpp">
      <Filter>Header Files\node</Filter>
    </ClInclude>
    <ClInclude Include="..\..\node\Mutex.hpp">
      <Filter>Header Files\node</Filter>
    </ClInclude>
    <ClInclude Include="..\..\node\Network.hpp">
      <Filter>Header Files\node</Filter>
    </ClInclude>
    <ClInclude Include="..\..\node\NetworkConfig.hpp">
      <Filter>Header Files\node</Filter>
    </ClInclude>
    <ClInclude Include="..\..\node\NetworkController.hpp">
      <Filter>Header Files\node</Filter>
    </ClInclude>
    <ClInclude Include="..\..\node\Node.hpp">
      <Filter>Header Files\node</Filter>
    </ClInclude>
    <ClInclude Include="..\..\node\OutboundMulticast.hpp">
      <Filter>Header Files\node</Filter>
    </ClInclude>
    <ClInclude Include="..\..\node\Packet.hpp">
      <Filter>Header Files\node</Filter>
    </ClInclude>
    <ClInclude Include="..\..\node\Path.hpp">
      <Filter>Header Files\node</Filter>
    </ClInclude>
    <ClInclude Include="..\..\node\Peer.hpp">
      <Filter>Header Files\node</Filter>
    </ClInclude>
    <ClInclude Include="..\..\node\Poly1305.hpp">
      <Filter>Header Files\node</Filter>
    </ClInclude>
    <ClInclude Include="..\..\node\RuntimeEnvironment.hpp">
      <Filter>Header Files\node</Filter>
    </ClInclude>
    <ClInclude Include="..\..\node\Salsa20.hpp">
      <Filter>Header Files\node</Filter>
    </ClInclude>
    <ClInclude Include="..\..\node\SelfAwareness.hpp">
      <Filter>Header Files\node</Filter>
    </ClInclude>
    <ClInclude Include="..\..\node\SHA512.hpp">
      <Filter>Header Files\node</Filter>
    </ClInclude>
    <ClInclude Include="..\..\node\SharedPtr.hpp">
      <Filter>Header Files\node</Filter>
    </ClInclude>
    <ClInclude Include="..\..\node\Switch.hpp">
      <Filter>Header Files\node</Filter>
    </ClInclude>
    <ClInclude Include="..\..\node\Topology.hpp">
      <Filter>Header Files\node</Filter>
    </ClInclude>
    <ClInclude Include="..\..\node\Utils.hpp">
      <Filter>Header Files\node</Filter>
    </ClInclude>
    <ClInclude Include="..\..\ext\http-parser\http_parser.h">
      <Filter>Header Files\ext\http-parser</Filter>
    </ClInclude>
    <ClInclude Include="ServiceBase.h">
      <Filter>Header Files\windows\ZeroTierOne</Filter>
    </ClInclude>
    <ClInclude Include="ServiceInstaller.h">
      <Filter>Header Files\windows\ZeroTierOne</Filter>
    </ClInclude>
    <ClInclude Include="ZeroTierOneService.h">
      <Filter>Header Files\windows\ZeroTierOne</Filter>
    </ClInclude>
    <ClInclude Include="..\..\node\Hashtable.hpp">
      <Filter>Header Files\node</Filter>
    </ClInclude>
    <ClInclude Include="..\..\node\World.hpp">
      <Filter>Header Files\node</Filter>
    </ClInclude>
    <ClInclude Include="..\..\ext\miniupnpc\codelength.h">
      <Filter>Header Files\ext\miniupnpc</Filter>
    </ClInclude>
    <ClInclude Include="..\..\ext\miniupnpc\connecthostport.h">
      <Filter>Header Files\ext\miniupnpc</Filter>
    </ClInclude>
    <ClInclude Include="..\..\ext\miniupnpc\igd_desc_parse.h">
      <Filter>Header Files\ext\miniupnpc</Filter>
    </ClInclude>
    <ClInclude Include="..\..\ext\miniupnpc\minisoap.h">
      <Filter>Header Files\ext\miniupnpc</Filter>
    </ClInclude>
    <ClInclude Include="..\..\ext\miniupnpc\minissdpc.h">
      <Filter>Header Files\ext\miniupnpc</Filter>
    </ClInclude>
    <ClInclude Include="..\..\ext\miniupnpc\miniupnpc.h">
      <Filter>Header Files\ext\miniupnpc</Filter>
    </ClInclude>
    <ClInclude Include="..\..\ext\miniupnpc\miniupnpc_declspec.h">
      <Filter>Header Files\ext\miniupnpc</Filter>
    </ClInclude>
    <ClInclude Include="..\..\ext\miniupnpc\miniupnpctypes.h">
      <Filter>Header Files\ext\miniupnpc</Filter>
    </ClInclude>
    <ClInclude Include="..\..\ext\miniupnpc\miniwget.h">
      <Filter>Header Files\ext\miniupnpc</Filter>
    </ClInclude>
    <ClInclude Include="..\..\ext\miniupnpc\minixml.h">
      <Filter>Header Files\ext\miniupnpc</Filter>
    </ClInclude>
    <ClInclude Include="..\..\ext\miniupnpc\portlistingparse.h">
      <Filter>Header Files\ext\miniupnpc</Filter>
    </ClInclude>
    <ClInclude Include="..\..\ext\miniupnpc\receivedata.h">
      <Filter>Header Files\ext\miniupnpc</Filter>
    </ClInclude>
    <ClInclude Include="..\..\ext\miniupnpc\upnpcommands.h">
      <Filter>Header Files\ext\miniupnpc</Filter>
    </ClInclude>
    <ClInclude Include="..\..\ext\miniupnpc\upnpdev.h">
      <Filter>Header Files\ext\miniupnpc</Filter>
    </ClInclude>
    <ClInclude Include="..\..\ext\miniupnpc\upnperrors.h">
      <Filter>Header Files\ext\miniupnpc</Filter>
    </ClInclude>
    <ClInclude Include="..\..\ext\miniupnpc\upnpreplyparse.h">
      <Filter>Header Files\ext\miniupnpc</Filter>
    </ClInclude>
    <ClInclude Include="..\..\osdep\PortMapper.hpp">
      <Filter>Header Files\osdep</Filter>
    </ClInclude>
    <ClInclude Include="..\..\ext\libnatpmp\getgateway.h">
      <Filter>Header Files\ext\libnatpmp</Filter>
    </ClInclude>
    <ClInclude Include="..\..\ext\libnatpmp\natpmp.h">
      <Filter>Header Files\ext\libnatpmp</Filter>
    </ClInclude>
    <ClInclude Include="..\..\ext\libnatpmp\wingettimeofday.h">
      <Filter>Header Files\ext\libnatpmp</Filter>
    </ClInclude>
    <ClInclude Include="..\..\osdep\Binder.hpp">
      <Filter>Header Files\osdep</Filter>
    </ClInclude>
    <ClInclude Include="..\..\osdep\ManagedRoute.hpp">
      <Filter>Header Files\osdep</Filter>
    </ClInclude>
    <ClInclude Include="..\..\service\SoftwareUpdater.hpp">
      <Filter>Header Files\service</Filter>
    </ClInclude>
    <ClInclude Include="..\..\ext\json\json.hpp">
      <Filter>Header Files\ext\json</Filter>
    </ClInclude>
    <ClInclude Include="..\..\node\CertificateOfOwnership.hpp">
      <Filter>Header Files\node</Filter>
    </ClInclude>
    <ClInclude Include="..\..\node\Credential.hpp">
      <Filter>Header Files\node</Filter>
    </ClInclude>
    <ClInclude Include="..\..\ext\x64-salsa2012-asm\salsa2012.h">
      <Filter>Header Files\ext\x64-salsa2012-asm</Filter>
    </ClInclude>
    <ClInclude Include="..\..\controller\EmbeddedNetworkController.hpp">
      <Filter>Header Files\controller</Filter>
    </ClInclude>
    <ClInclude Include="..\..\node\Trace.hpp">
      <Filter>Header Files\node</Filter>
    </ClInclude>
    <ClInclude Include="..\..\controller\DB.hpp">
      <Filter>Header Files\controller</Filter>
    </ClInclude>
    <ClInclude Include="..\..\controller\FileDB.hpp">
      <Filter>Header Files\controller</Filter>
    </ClInclude>
    <ClInclude Include="..\..\node\Membership.hpp">
      <Filter>Header Files\node</Filter>
    </ClInclude>
    <ClInclude Include="..\..\controller\PostgreSQL.hpp">
      <Filter>Header Files\controller</Filter>
    </ClInclude>
    <ClInclude Include="..\..\controller\LFDB.hpp">
      <Filter>Header Files\controller</Filter>
    </ClInclude>
    <ClInclude Include="..\..\ext\cpp-httplib\httplib.h">
      <Filter>Header Files\ext\cpp-httplib</Filter>
    </ClInclude>
    <ClInclude Include="..\..\controller\DBMirrorSet.hpp">
      <Filter>Header Files\controller</Filter>
    </ClInclude>
    <ClInclude Include="..\..\osdep\EthernetTap.hpp">
      <Filter>Header Files\osdep</Filter>
    </ClInclude>
    <ClInclude Include="..\..\node\Bond.hpp">
      <Filter>Header Files\node</Filter>
    </ClInclude>
    <ClInclude Include="..\..\node\BondController.hpp">
      <Filter>Header Files\node</Filter>
    </ClInclude>
    <ClInclude Include="..\..\controller\Redis.hpp">
      <Filter>Header Files\controller</Filter>
    </ClInclude>
    <ClInclude Include="..\..\osdep\WinDNSHelper.hpp">
      <Filter>Header Files\osdep</Filter>
    </ClInclude>
  </ItemGroup>
  <ItemGroup>
    <ResourceCompile Include="ZeroTierOne.rc">
      <Filter>Resource Files</Filter>
    </ResourceCompile>
  </ItemGroup>
</Project>