github.com/hectane/go-acl v0.0.0-20190604041725-da78bae5fc95 h1:S4qyfL2sEm5Budr4KVMyEniCy+PbS55651I/a+Kn/NQ=
github.com/hectane/go-acl v0.0.0-20190604041725-da78bae5fc95/go.mod h1:QiyDdbZLaJ/mZP4Zwc9g2QsfaEA4o7XvvgZegSci5/E=
golang.org/x/sys v0.0.0-20190529164535-6a60838ec259 h1:so6Hr/LodwSZ5UQDu/7PmQiDeS112WwtLvU3lpSPZTU=
golang.org/x/sys v0.0.0-20190529164535-6a60838ec259/go.mod h1:h1NjWce9XRLGQEsW7wpKNCjG9DtNlClVuFLEZdDNbEs=
